// !$*UTF8*$!
{
	archiveVersion = 1;
	classes = {
	};
	objectVersion = 50;
	objects = {

/* Begin PBXBuildFile section */
		BA034BDE211068AB00B9500C /* scene.vertex in Resources */ = {isa = PBXBuildFile; fileRef = BA034BDA211068AB00B9500C /* scene.vertex */; };
		BA034BDF211068AB00B9500C /* skybox.frag in Resources */ = {isa = PBXBuildFile; fileRef = BA034BDB211068AB00B9500C /* skybox.frag */; };
		BA034BE0211068AB00B9500C /* scene.frag in Resources */ = {isa = PBXBuildFile; fileRef = BA034BDC211068AB00B9500C /* scene.frag */; };
		BA034BE1211068AB00B9500C /* skybox.vertex in Resources */ = {isa = PBXBuildFile; fileRef = BA034BDD211068AB00B9500C /* skybox.vertex */; };
		BA034BE32110731600B9500C /* Cocoa.framework in Frameworks */ = {isa = PBXBuildFile; fileRef = BA034BE22110731600B9500C /* Cocoa.framework */; };
		BA034BE52110732600B9500C /* IOKit.framework in Frameworks */ = {isa = PBXBuildFile; fileRef = BA034BE42110732600B9500C /* IOKit.framework */; };
		BA034BE72110733400B9500C /* CoreVideo.framework in Frameworks */ = {isa = PBXBuildFile; fileRef = BA034BE62110733400B9500C /* CoreVideo.framework */; };
		BA034BEF211074BA00B9500C /* urbansp_bk.tga in Resources */ = {isa = PBXBuildFile; fileRef = BA034BE8211074BA00B9500C /* urbansp_bk.tga */; };
		BA034BF0211074BA00B9500C /* urbansp_dn.tga in Resources */ = {isa = PBXBuildFile; fileRef = BA034BE9211074BA00B9500C /* urbansp_dn.tga */; };
		BA034BF1211074BA00B9500C /* urbansp_lf.tga in Resources */ = {isa = PBXBuildFile; fileRef = BA034BEA211074BA00B9500C /* urbansp_lf.tga */; };
		BA034BF2211074BA00B9500C /* urbansp_rt.tga in Resources */ = {isa = PBXBuildFile; fileRef = BA034BEB211074BA00B9500C /* urbansp_rt.tga */; };
		BA034BF3211074BA00B9500C /* urbansp_ft.tga in Resources */ = {isa = PBXBuildFile; fileRef = BA034BEC211074BA00B9500C /* urbansp_ft.tga */; };
		BA034BF4211074BA00B9500C /* urbansp_up.tga in Resources */ = {isa = PBXBuildFile; fileRef = BA034BED211074BA00B9500C /* urbansp_up.tga */; };
		BA034BF5211074BA00B9500C /* urbansp_up1.tga in Resources */ = {isa = PBXBuildFile; fileRef = BA034BEE211074BA00B9500C /* urbansp_up1.tga */; };
		BA034BF7211076CF00B9500C /* container.jpg in Resources */ = {isa = PBXBuildFile; fileRef = BA034BF6211076CE00B9500C /* container.jpg */; };
		BA10DE992109B64B004D63BF /* setData.frag in Resources */ = {isa = PBXBuildFile; fileRef = BA10DE982109B64B004D63BF /* setData.frag */; };
		BA692DCD2109CA0E00704DF8 /* test.dds in Resources */ = {isa = PBXBuildFile; fileRef = BA692DCC2109CA0E00704DF8 /* test.dds */; };
		BA6D7D5021081FDE0050201C /* Assets.xcassets in Resources */ = {isa = PBXBuildFile; fileRef = BA6D7D4F21081FDE0050201C /* Assets.xcassets */; };
		BA6D7E00210820C40050201C /* gl3w.c in Sources */ = {isa = PBXBuildFile; fileRef = BA6D7DF9210820C40050201C /* gl3w.c */; };
		BA6D7E01210820C40050201C /* LoadShaders.cpp in Sources */ = {isa = PBXBuildFile; fileRef = BA6D7DFA210820C40050201C /* LoadShaders.cpp */; };
		BA6D7E02210820C40050201C /* loadtexture.cpp in Sources */ = {isa = PBXBuildFile; fileRef = BA6D7DFB210820C40050201C /* loadtexture.cpp */; };
		BA6D7E03210820C40050201C /* targa.cpp in Sources */ = {isa = PBXBuildFile; fileRef = BA6D7DFC210820C40050201C /* targa.cpp */; };
		BA6D7E04210820C40050201C /* vbm.cpp in Sources */ = {isa = PBXBuildFile; fileRef = BA6D7DFD210820C40050201C /* vbm.cpp */; };
		BA6D7E05210820C40050201C /* vdds.cpp in Sources */ = {isa = PBXBuildFile; fileRef = BA6D7DFE210820C40050201C /* vdds.cpp */; };
		BA6D7E06210820C40050201C /* vermilion.cpp in Sources */ = {isa = PBXBuildFile; fileRef = BA6D7DFF210820C40050201C /* vermilion.cpp */; };
		BA6D7E09210820D60050201C /* OpenGL.framework in Frameworks */ = {isa = PBXBuildFile; fileRef = BA6D7E08210820D60050201C /* OpenGL.framework */; };
		BA6D7E0B210820DC0050201C /* GLUT.framework in Frameworks */ = {isa = PBXBuildFile; fileRef = BA6D7E0A210820DC0050201C /* GLUT.framework */; };
		BA6D7E0D210820FC0050201C /* libGLEW.2.1.0.dylib in Frameworks */ = {isa = PBXBuildFile; fileRef = BA6D7E0C210820FC0050201C /* libGLEW.2.1.0.dylib */; };
		BA6D7E0F2108210E0050201C /* libglfw.3.2.dylib in Frameworks */ = {isa = PBXBuildFile; fileRef = BA6D7E0E2108210E0050201C /* libglfw.3.2.dylib */; };
		BA6D7E1621085D350050201C /* wood.png in Resources */ = {isa = PBXBuildFile; fileRef = BA6D7E1521085D350050201C /* wood.png */; };
		BA6D7E182108755E0050201C /* qipan.vert in Resources */ = {isa = PBXBuildFile; fileRef = BA6D7E172108755E0050201C /* qipan.vert */; };
		BA6D7E1A210875710050201C /* qipan.frag in Resources */ = {isa = PBXBuildFile; fileRef = BA6D7E19210875710050201C /* qipan.frag */; };
		BA6D7E202109602F0050201C /* setData.vert in Resources */ = {isa = PBXBuildFile; fileRef = BA6D7E1E2109602F0050201C /* setData.vert */; };
		BA9A2643210F795400BBE973 /* mian.cpp in Sources */ = {isa = PBXBuildFile; fileRef = BA9A2642210F795400BBE973 /* mian.cpp */; };
		BA9A2645210F7FB200BBE973 /* unit_cube.vbm in Resources */ = {isa = PBXBuildFile; fileRef = BA9A2644210F7FB200BBE973 /* unit_cube.vbm */; };
		BA9EC515210AFE7200A82A9B /* TextureView.frag in Resources */ = {isa = PBXBuildFile; fileRef = BA9EC513210AFE7100A82A9B /* TextureView.frag */; };
		BA9EC516210AFE7200A82A9B /* TextureView.vert in Resources */ = {isa = PBXBuildFile; fileRef = BA9EC514210AFE7200A82A9B /* TextureView.vert */; };
		BA9EC518210B02AB00A82A9B /* TantolundenCube.dds in Resources */ = {isa = PBXBuildFile; fileRef = BA9EC517210B02AB00A82A9B /* TantolundenCube.dds */; };
		BACC51E7210B105F003B38C6 /* cnWenli.vert in Resources */ = {isa = PBXBuildFile; fileRef = BACC51E6210B105F003B38C6 /* cnWenli.vert */; };
		BACC51E9210B106C003B38C6 /* cnWenli.frag in Resources */ = {isa = PBXBuildFile; fileRef = BACC51E8210B106C003B38C6 /* cnWenli.frag */; };
		BACC51EB210B1422003B38C6 /* img_cheryl.jpg in Resources */ = {isa = PBXBuildFile; fileRef = BACC51EA210B1422003B38C6 /* img_cheryl.jpg */; };
		BAFB5DD7210B0C9100E8E01E /* stb_image_aug.c in Sources */ = {isa = PBXBuildFile; fileRef = BAFB5DD3210B0C9100E8E01E /* stb_image_aug.c */; };
		BAFB5DD8210B0C9100E8E01E /* SOIL.c in Sources */ = {isa = PBXBuildFile; fileRef = BAFB5DD4210B0C9100E8E01E /* SOIL.c */; };
		BAFB5DDD210B0CC500E8E01E /* image_helper.c in Sources */ = {isa = PBXBuildFile; fileRef = BAFB5DDA210B0CC500E8E01E /* image_helper.c */; };
		BAFB5DDE210B0CC500E8E01E /* image_DXT.c in Sources */ = {isa = PBXBuildFile; fileRef = BAFB5DDB210B0CC500E8E01E /* image_DXT.c */; };
/* End PBXBuildFile section */

/* Begin PBXFileReference section */
		BA034BD7211066F200B9500C /* camera.h */ = {isa = PBXFileReference; fileEncoding = 4; lastKnownFileType = sourcecode.c.h; name = camera.h; path = "天空盒/个项目文件/camera.h"; sourceTree = "<group>"; };
		BA034BD8211066F200B9500C /* texture.h */ = {isa = PBXFileReference; fileEncoding = 4; lastKnownFileType = sourcecode.c.h; name = texture.h; path = "天空盒/个项目文件/texture.h"; sourceTree = "<group>"; };
		BA034BD92110689D00B9500C /* shader.h */ = {isa = PBXFileReference; fileEncoding = 4; lastKnownFileType = sourcecode.c.h; name = shader.h; path = "天空盒/个项目文件/shader.h"; sourceTree = "<group>"; };
		BA034BDA211068AB00B9500C /* scene.vertex */ = {isa = PBXFileReference; fileEncoding = 4; lastKnownFileType = sourcecode.glsl; name = scene.vertex; path = "天空盒/个项目文件/scene.vertex"; sourceTree = "<group>"; };
		BA034BDB211068AB00B9500C /* skybox.frag */ = {isa = PBXFileReference; fileEncoding = 4; lastKnownFileType = sourcecode.glsl; name = skybox.frag; path = "天空盒/个项目文件/skybox.frag"; sourceTree = "<group>"; };
		BA034BDC211068AB00B9500C /* scene.frag */ = {isa = PBXFileReference; fileEncoding = 4; lastKnownFileType = sourcecode.glsl; name = scene.frag; path = "天空盒/个项目文件/scene.frag"; sourceTree = "<group>"; };
		BA034BDD211068AB00B9500C /* skybox.vertex */ = {isa = PBXFileReference; fileEncoding = 4; lastKnownFileType = sourcecode.glsl; name = skybox.vertex; path = "天空盒/个项目文件/skybox.vertex"; sourceTree = "<group>"; };
		BA034BE22110731600B9500C /* Cocoa.framework */ = {isa = PBXFileReference; lastKnownFileType = wrapper.framework; name = Cocoa.framework; path = System/Library/Frameworks/Cocoa.framework; sourceTree = SDKROOT; };
		BA034BE42110732600B9500C /* IOKit.framework */ = {isa = PBXFileReference; lastKnownFileType = wrapper.framework; name = IOKit.framework; path = System/Library/Frameworks/IOKit.framework; sourceTree = SDKROOT; };
		BA034BE62110733400B9500C /* CoreVideo.framework */ = {isa = PBXFileReference; lastKnownFileType = wrapper.framework; name = CoreVideo.framework; path = System/Library/Frameworks/CoreVideo.framework; sourceTree = SDKROOT; };
		BA034BE8211074BA00B9500C /* urbansp_bk.tga */ = {isa = PBXFileReference; lastKnownFileType = file; path = urbansp_bk.tga; sourceTree = "<group>"; };
		BA034BE9211074BA00B9500C /* urbansp_dn.tga */ = {isa = PBXFileReference; lastKnownFileType = file; path = urbansp_dn.tga; sourceTree = "<group>"; };
		BA034BEA211074BA00B9500C /* urbansp_lf.tga */ = {isa = PBXFileReference; lastKnownFileType = file; path = urbansp_lf.tga; sourceTree = "<group>"; };
		BA034BEB211074BA00B9500C /* urbansp_rt.tga */ = {isa = PBXFileReference; lastKnownFileType = file; path = urbansp_rt.tga; sourceTree = "<group>"; };
		BA034BEC211074BA00B9500C /* urbansp_ft.tga */ = {isa = PBXFileReference; lastKnownFileType = file; path = urbansp_ft.tga; sourceTree = "<group>"; };
		BA034BED211074BA00B9500C /* urbansp_up.tga */ = {isa = PBXFileReference; lastKnownFileType = file; path = urbansp_up.tga; sourceTree = "<group>"; };
		BA034BEE211074BA00B9500C /* urbansp_up1.tga */ = {isa = PBXFileReference; lastKnownFileType = file; path = urbansp_up1.tga; sourceTree = "<group>"; };
		BA034BF6211076CE00B9500C /* container.jpg */ = {isa = PBXFileReference; lastKnownFileType = image.jpeg; path = container.jpg; sourceTree = "<group>"; };
		BA10DE982109B64B004D63BF /* setData.frag */ = {isa = PBXFileReference; fileEncoding = 4; lastKnownFileType = sourcecode.glsl; path = setData.frag; sourceTree = "<group>"; };
		BA692DCC2109CA0E00704DF8 /* test.dds */ = {isa = PBXFileReference; lastKnownFileType = file; path = test.dds; sourceTree = "<group>"; };
		BA6D7D4921081FDD0050201C /* OpenglMac_06.app */ = {isa = PBXFileReference; explicitFileType = wrapper.application; includeInIndex = 0; path = OpenglMac_06.app; sourceTree = BUILT_PRODUCTS_DIR; };
		BA6D7D4F21081FDE0050201C /* Assets.xcassets */ = {isa = PBXFileReference; lastKnownFileType = folder.assetcatalog; path = Assets.xcassets; sourceTree = "<group>"; };
		BA6D7D5421081FDE0050201C /* Info.plist */ = {isa = PBXFileReference; lastKnownFileType = text.plist.xml; path = Info.plist; sourceTree = "<group>"; };
		BA6D7D5721081FDE0050201C /* OpenglMac_06.entitlements */ = {isa = PBXFileReference; lastKnownFileType = text.plist.entitlements; path = OpenglMac_06.entitlements; sourceTree = "<group>"; };
		BA6D7DE8210820C40050201C /* CheckError.h */ = {isa = PBXFileReference; fileEncoding = 4; lastKnownFileType = sourcecode.c.h; path = CheckError.h; sourceTree = "<group>"; };
		BA6D7DE9210820C40050201C /* Cube.h */ = {isa = PBXFileReference; fileEncoding = 4; lastKnownFileType = sourcecode.c.h; path = Cube.h; sourceTree = "<group>"; };
		BA6D7DEA210820C40050201C /* gl3.h */ = {isa = PBXFileReference; fileEncoding = 4; lastKnownFileType = sourcecode.c.h; path = gl3.h; sourceTree = "<group>"; };
		BA6D7DEB210820C40050201C /* gl3w.h */ = {isa = PBXFileReference; fileEncoding = 4; lastKnownFileType = sourcecode.c.h; path = gl3w.h; sourceTree = "<group>"; };
		BA6D7DEC210820C40050201C /* glcorearb.h */ = {isa = PBXFileReference; fileEncoding = 4; lastKnownFileType = sourcecode.c.h; path = glcorearb.h; sourceTree = "<group>"; };
		BA6D7DED210820C40050201C /* glext.h */ = {isa = PBXFileReference; fileEncoding = 4; lastKnownFileType = sourcecode.c.h; path = glext.h; sourceTree = "<group>"; };
		BA6D7DEE210820C40050201C /* LoadShaders.h */ = {isa = PBXFileReference; fileEncoding = 4; lastKnownFileType = sourcecode.c.h; path = LoadShaders.h; sourceTree = "<group>"; };
		BA6D7DEF210820C40050201C /* mat.h */ = {isa = PBXFileReference; fileEncoding = 4; lastKnownFileType = sourcecode.c.h; path = mat.h; sourceTree = "<group>"; };
		BA6D7DF0210820C40050201C /* Teapot.h */ = {isa = PBXFileReference; fileEncoding = 4; lastKnownFileType = sourcecode.c.h; path = Teapot.h; sourceTree = "<group>"; };
		BA6D7DF1210820C40050201C /* vapp.h */ = {isa = PBXFileReference; fileEncoding = 4; lastKnownFileType = sourcecode.c.h; path = vapp.h; sourceTree = "<group>"; };
		BA6D7DF2210820C40050201C /* vbm.h */ = {isa = PBXFileReference; fileEncoding = 4; lastKnownFileType = sourcecode.c.h; path = vbm.h; sourceTree = "<group>"; };
		BA6D7DF3210820C40050201C /* vec.h */ = {isa = PBXFileReference; fileEncoding = 4; lastKnownFileType = sourcecode.c.h; path = vec.h; sourceTree = "<group>"; };
		BA6D7DF4210820C40050201C /* vermilion.h */ = {isa = PBXFileReference; fileEncoding = 4; lastKnownFileType = sourcecode.c.h; path = vermilion.h; sourceTree = "<group>"; };
		BA6D7DF5210820C40050201C /* vgl.h */ = {isa = PBXFileReference; fileEncoding = 4; lastKnownFileType = sourcecode.c.h; path = vgl.h; sourceTree = "<group>"; };
		BA6D7DF6210820C40050201C /* vmath.h */ = {isa = PBXFileReference; fileEncoding = 4; lastKnownFileType = sourcecode.c.h; path = vmath.h; sourceTree = "<group>"; };
		BA6D7DF7210820C40050201C /* vutils.h */ = {isa = PBXFileReference; fileEncoding = 4; lastKnownFileType = sourcecode.c.h; path = vutils.h; sourceTree = "<group>"; };
		BA6D7DF9210820C40050201C /* gl3w.c */ = {isa = PBXFileReference; fileEncoding = 4; lastKnownFileType = sourcecode.c.c; path = gl3w.c; sourceTree = "<group>"; };
		BA6D7DFA210820C40050201C /* LoadShaders.cpp */ = {isa = PBXFileReference; fileEncoding = 4; lastKnownFileType = sourcecode.cpp.cpp; path = LoadShaders.cpp; sourceTree = "<group>"; };
		BA6D7DFB210820C40050201C /* loadtexture.cpp */ = {isa = PBXFileReference; fileEncoding = 4; lastKnownFileType = sourcecode.cpp.cpp; path = loadtexture.cpp; sourceTree = "<group>"; };
		BA6D7DFC210820C40050201C /* targa.cpp */ = {isa = PBXFileReference; fileEncoding = 4; lastKnownFileType = sourcecode.cpp.cpp; path = targa.cpp; sourceTree = "<group>"; };
		BA6D7DFD210820C40050201C /* vbm.cpp */ = {isa = PBXFileReference; fileEncoding = 4; lastKnownFileType = sourcecode.cpp.cpp; path = vbm.cpp; sourceTree = "<group>"; };
		BA6D7DFE210820C40050201C /* vdds.cpp */ = {isa = PBXFileReference; fileEncoding = 4; lastKnownFileType = sourcecode.cpp.cpp; path = vdds.cpp; sourceTree = "<group>"; };
		BA6D7DFF210820C40050201C /* vermilion.cpp */ = {isa = PBXFileReference; fileEncoding = 4; lastKnownFileType = sourcecode.cpp.cpp; path = vermilion.cpp; sourceTree = "<group>"; };
		BA6D7E08210820D60050201C /* OpenGL.framework */ = {isa = PBXFileReference; lastKnownFileType = wrapper.framework; name = OpenGL.framework; path = System/Library/Frameworks/OpenGL.framework; sourceTree = SDKROOT; };
		BA6D7E0A210820DC0050201C /* GLUT.framework */ = {isa = PBXFileReference; lastKnownFileType = wrapper.framework; name = GLUT.framework; path = System/Library/Frameworks/GLUT.framework; sourceTree = SDKROOT; };
		BA6D7E0C210820FC0050201C /* libGLEW.2.1.0.dylib */ = {isa = PBXFileReference; lastKnownFileType = "compiled.mach-o.dylib"; name = libGLEW.2.1.0.dylib; path = ../../../../../../usr/local/Cellar/glew/2.1.0/lib/libGLEW.2.1.0.dylib; sourceTree = "<group>"; };
		BA6D7E0E2108210E0050201C /* libglfw.3.2.dylib */ = {isa = PBXFileReference; lastKnownFileType = "compiled.mach-o.dylib"; name = libglfw.3.2.dylib; path = ../../../../../../usr/local/Cellar/glfw/3.2.1/lib/libglfw.3.2.dylib; sourceTree = "<group>"; };
		BA6D7E1521085D350050201C /* wood.png */ = {isa = PBXFileReference; lastKnownFileType = image.png; path = wood.png; sourceTree = "<group>"; };
		BA6D7E172108755E0050201C /* qipan.vert */ = {isa = PBXFileReference; lastKnownFileType = sourcecode.glsl; path = qipan.vert; sourceTree = "<group>"; };
		BA6D7E19210875710050201C /* qipan.frag */ = {isa = PBXFileReference; lastKnownFileType = sourcecode.glsl; path = qipan.frag; sourceTree = "<group>"; };
		BA6D7E1E2109602F0050201C /* setData.vert */ = {isa = PBXFileReference; fileEncoding = 4; lastKnownFileType = sourcecode.glsl; path = setData.vert; sourceTree = "<group>"; };
		BA9A2642210F795400BBE973 /* mian.cpp */ = {isa = PBXFileReference; lastKnownFileType = sourcecode.cpp.cpp; name = mian.cpp; path = "天空盒/mian.cpp"; sourceTree = "<group>"; };
		BA9A2644210F7FB200BBE973 /* unit_cube.vbm */ = {isa = PBXFileReference; lastKnownFileType = file; path = unit_cube.vbm; sourceTree = "<group>"; };
		BA9EC513210AFE7100A82A9B /* TextureView.frag */ = {isa = PBXFileReference; fileEncoding = 4; lastKnownFileType = sourcecode.glsl; path = TextureView.frag; sourceTree = "<group>"; };
		BA9EC514210AFE7200A82A9B /* TextureView.vert */ = {isa = PBXFileReference; fileEncoding = 4; lastKnownFileType = sourcecode.glsl; path = TextureView.vert; sourceTree = "<group>"; };
		BA9EC517210B02AB00A82A9B /* TantolundenCube.dds */ = {isa = PBXFileReference; lastKnownFileType = file; path = TantolundenCube.dds; sourceTree = "<group>"; };
		BAC44A1C210CDFDD00A78EFC /* SOIL.h */ = {isa = PBXFileReference; fileEncoding = 4; lastKnownFileType = sourcecode.c.h; path = SOIL.h; sourceTree = "<group>"; };
		BACC51E6210B105F003B38C6 /* cnWenli.vert */ = {isa = PBXFileReference; lastKnownFileType = sourcecode.glsl; path = cnWenli.vert; sourceTree = "<group>"; };
		BACC51E8210B106C003B38C6 /* cnWenli.frag */ = {isa = PBXFileReference; lastKnownFileType = sourcecode.glsl; path = cnWenli.frag; sourceTree = "<group>"; };
		BACC51EA210B1422003B38C6 /* img_cheryl.jpg */ = {isa = PBXFileReference; lastKnownFileType = image.jpeg; path = img_cheryl.jpg; sourceTree = "<group>"; };
		BAFB5DD1210B0C9100E8E01E /* stbi_DDS_aug_c.h */ = {isa = PBXFileReference; fileEncoding = 4; lastKnownFileType = sourcecode.c.h; path = stbi_DDS_aug_c.h; sourceTree = "<group>"; };
		BAFB5DD2210B0C9100E8E01E /* stbi_DDS_aug.h */ = {isa = PBXFileReference; fileEncoding = 4; lastKnownFileType = sourcecode.c.h; path = stbi_DDS_aug.h; sourceTree = "<group>"; };
		BAFB5DD3210B0C9100E8E01E /* stb_image_aug.c */ = {isa = PBXFileReference; fileEncoding = 4; lastKnownFileType = sourcecode.c.c; path = stb_image_aug.c; sourceTree = "<group>"; };
		BAFB5DD4210B0C9100E8E01E /* SOIL.c */ = {isa = PBXFileReference; fileEncoding = 4; lastKnownFileType = sourcecode.c.c; path = SOIL.c; sourceTree = "<group>"; };
		BAFB5DD5210B0C9100E8E01E /* stb_image_aug.h */ = {isa = PBXFileReference; fileEncoding = 4; lastKnownFileType = sourcecode.c.h; path = stb_image_aug.h; sourceTree = "<group>"; };
		BAFB5DD9210B0CC500E8E01E /* image_helper.h */ = {isa = PBXFileReference; fileEncoding = 4; lastKnownFileType = sourcecode.c.h; path = image_helper.h; sourceTree = "<group>"; };
		BAFB5DDA210B0CC500E8E01E /* image_helper.c */ = {isa = PBXFileReference; fileEncoding = 4; lastKnownFileType = sourcecode.c.c; path = image_helper.c; sourceTree = "<group>"; };
		BAFB5DDB210B0CC500E8E01E /* image_DXT.c */ = {isa = PBXFileReference; fileEncoding = 4; lastKnownFileType = sourcecode.c.c; path = image_DXT.c; sourceTree = "<group>"; };
		BAFB5DDC210B0CC500E8E01E /* image_DXT.h */ = {isa = PBXFileReference; fileEncoding = 4; lastKnownFileType = sourcecode.c.h; path = image_DXT.h; sourceTree = "<group>"; };
/* End PBXFileReference section */

/* Begin PBXFrameworksBuildPhase section */
		BA6D7D4621081FDD0050201C /* Frameworks */ = {
			isa = PBXFrameworksBuildPhase;
			buildActionMask = 2147483647;
			files = (
				BA034BE72110733400B9500C /* CoreVideo.framework in Frameworks */,
				BA034BE52110732600B9500C /* IOKit.framework in Frameworks */,
				BA034BE32110731600B9500C /* Cocoa.framework in Frameworks */,
				BA6D7E0F2108210E0050201C /* libglfw.3.2.dylib in Frameworks */,
				BA6D7E0D210820FC0050201C /* libGLEW.2.1.0.dylib in Frameworks */,
				BA6D7E0B210820DC0050201C /* GLUT.framework in Frameworks */,
				BA6D7E09210820D60050201C /* OpenGL.framework in Frameworks */,
			);
			runOnlyForDeploymentPostprocessing = 0;
		};
/* End PBXFrameworksBuildPhase section */

/* Begin PBXGroup section */
		BA6D7D4021081FDD0050201C = {
			isa = PBXGroup;
			children = (
				BA6D7D4B21081FDD0050201C /* OpenglMac_06 */,
				BA6D7D4A21081FDD0050201C /* Products */,
				BA6D7E07210820D50050201C /* Frameworks */,
			);
			sourceTree = "<group>";
		};
		BA6D7D4A21081FDD0050201C /* Products */ = {
			isa = PBXGroup;
			children = (
				BA6D7D4921081FDD0050201C /* OpenglMac_06.app */,
			);
			name = Products;
			sourceTree = "<group>";
		};
		BA6D7D4B21081FDD0050201C /* OpenglMac_06 */ = {
			isa = PBXGroup;
			children = (
				BA034BD92110689D00B9500C /* shader.h */,
				BA034BD7211066F200B9500C /* camera.h */,
				BA034BD8211066F200B9500C /* texture.h */,
				BAFB5DCE210B0C6C00E8E01E /* soil */,
				BA6D7E1521085D350050201C /* wood.png */,
				BACC51EA210B1422003B38C6 /* img_cheryl.jpg */,
				BA692DCC2109CA0E00704DF8 /* test.dds */,
				BA9A2642210F795400BBE973 /* mian.cpp */,
				BA6D7DE7210820C40050201C /* include */,
				BA6D7DF8210820C40050201C /* lib */,
				BA6D7D4F21081FDE0050201C /* Assets.xcassets */,
				BA6D7D5421081FDE0050201C /* Info.plist */,
				BA6D7D5721081FDE0050201C /* OpenglMac_06.entitlements */,
				BA10DE982109B64B004D63BF /* setData.frag */,
				BA6D7E1E2109602F0050201C /* setData.vert */,
				BA6D7E172108755E0050201C /* qipan.vert */,
				BA6D7E19210875710050201C /* qipan.frag */,
				BA9EC513210AFE7100A82A9B /* TextureView.frag */,
				BA9EC514210AFE7200A82A9B /* TextureView.vert */,
				BA9EC517210B02AB00A82A9B /* TantolundenCube.dds */,
				BACC51E6210B105F003B38C6 /* cnWenli.vert */,
				BACC51E8210B106C003B38C6 /* cnWenli.frag */,
				BA9A2644210F7FB200BBE973 /* unit_cube.vbm */,
				BA034BDC211068AB00B9500C /* scene.frag */,
				BA034BDA211068AB00B9500C /* scene.vertex */,
				BA034BDB211068AB00B9500C /* skybox.frag */,
				BA034BDD211068AB00B9500C /* skybox.vertex */,
				BA034BE8211074BA00B9500C /* urbansp_bk.tga */,
				BA034BE9211074BA00B9500C /* urbansp_dn.tga */,
				BA034BEC211074BA00B9500C /* urbansp_ft.tga */,
				BA034BEA211074BA00B9500C /* urbansp_lf.tga */,
				BA034BEB211074BA00B9500C /* urbansp_rt.tga */,
				BA034BED211074BA00B9500C /* urbansp_up.tga */,
				BA034BEE211074BA00B9500C /* urbansp_up1.tga */,
				BA034BF6211076CE00B9500C /* container.jpg */,
			);
			path = OpenglMac_06;
			sourceTree = "<group>";
		};
		BA6D7DE7210820C40050201C /* include */ = {
			isa = PBXGroup;
			children = (
				BA6D7DE8210820C40050201C /* CheckError.h */,
				BA6D7DE9210820C40050201C /* Cube.h */,
				BA6D7DEA210820C40050201C /* gl3.h */,
				BA6D7DEB210820C40050201C /* gl3w.h */,
				BA6D7DEC210820C40050201C /* glcorearb.h */,
				BA6D7DED210820C40050201C /* glext.h */,
				BA6D7DEE210820C40050201C /* LoadShaders.h */,
				BA6D7DEF210820C40050201C /* mat.h */,
				BA6D7DF0210820C40050201C /* Teapot.h */,
				BA6D7DF1210820C40050201C /* vapp.h */,
				BA6D7DF2210820C40050201C /* vbm.h */,
				BA6D7DF3210820C40050201C /* vec.h */,
				BA6D7DF4210820C40050201C /* vermilion.h */,
				BA6D7DF5210820C40050201C /* vgl.h */,
				BA6D7DF6210820C40050201C /* vmath.h */,
				BA6D7DF7210820C40050201C /* vutils.h */,
			);
			path = include;
			sourceTree = "<group>";
		};
		BA6D7DF8210820C40050201C /* lib */ = {
			isa = PBXGroup;
			children = (
				BA6D7DF9210820C40050201C /* gl3w.c */,
				BA6D7DFA210820C40050201C /* LoadShaders.cpp */,
				BA6D7DFB210820C40050201C /* loadtexture.cpp */,
				BA6D7DFC210820C40050201C /* targa.cpp */,
				BA6D7DFD210820C40050201C /* vbm.cpp */,
				BA6D7DFE210820C40050201C /* vdds.cpp */,
				BA6D7DFF210820C40050201C /* vermilion.cpp */,
			);
			path = lib;
			sourceTree = "<group>";
		};
		BA6D7E07210820D50050201C /* Frameworks */ = {
			isa = PBXGroup;
			children = (
				BA034BE62110733400B9500C /* CoreVideo.framework */,
				BA034BE42110732600B9500C /* IOKit.framework */,
				BA034BE22110731600B9500C /* Cocoa.framework */,
				BA6D7E0E2108210E0050201C /* libglfw.3.2.dylib */,
				BA6D7E0C210820FC0050201C /* libGLEW.2.1.0.dylib */,
				BA6D7E0A210820DC0050201C /* GLUT.framework */,
				BA6D7E08210820D60050201C /* OpenGL.framework */,
			);
			name = Frameworks;
			sourceTree = "<group>";
		};
		BAFB5DCE210B0C6C00E8E01E /* soil */ = {
			isa = PBXGroup;
			children = (
				BAC44A1C210CDFDD00A78EFC /* SOIL.h */,
				BAFB5DDB210B0CC500E8E01E /* image_DXT.c */,
				BAFB5DDC210B0CC500E8E01E /* image_DXT.h */,
				BAFB5DDA210B0CC500E8E01E /* image_helper.c */,
				BAFB5DD9210B0CC500E8E01E /* image_helper.h */,
				BAFB5DD4210B0C9100E8E01E /* SOIL.c */,
				BAFB5DD3210B0C9100E8E01E /* stb_image_aug.c */,
				BAFB5DD5210B0C9100E8E01E /* stb_image_aug.h */,
				BAFB5DD1210B0C9100E8E01E /* stbi_DDS_aug_c.h */,
				BAFB5DD2210B0C9100E8E01E /* stbi_DDS_aug.h */,
			);
			path = soil;
			sourceTree = "<group>";
		};
/* End PBXGroup section */

/* Begin PBXNativeTarget section */
		BA6D7D4821081FDD0050201C /* OpenglMac_06 */ = {
			isa = PBXNativeTarget;
			buildConfigurationList = BA6D7D5A21081FDE0050201C /* Build configuration list for PBXNativeTarget "OpenglMac_06" */;
			buildPhases = (
				BA6D7D4521081FDD0050201C /* Sources */,
				BA6D7D4621081FDD0050201C /* Frameworks */,
				BA6D7D4721081FDD0050201C /* Resources */,
			);
			buildRules = (
			);
			dependencies = (
			);
			name = OpenglMac_06;
			productName = OpenglMac_06;
			productReference = BA6D7D4921081FDD0050201C /* OpenglMac_06.app */;
			productType = "com.apple.product-type.application";
		};
/* End PBXNativeTarget section */

/* Begin PBXProject section */
		BA6D7D4121081FDD0050201C /* Project object */ = {
			isa = PBXProject;
			attributes = {
				LastUpgradeCheck = 0940;
				ORGANIZATIONNAME = yujunzhen;
				TargetAttributes = {
					BA6D7D4821081FDD0050201C = {
						CreatedOnToolsVersion = 9.4.1;
					};
				};
			};
			buildConfigurationList = BA6D7D4421081FDD0050201C /* Build configuration list for PBXProject "OpenglMac_06" */;
			compatibilityVersion = "Xcode 9.3";
			developmentRegion = en;
			hasScannedForEncodings = 0;
			knownRegions = (
				en,
				Base,
			);
			mainGroup = BA6D7D4021081FDD0050201C;
			productRefGroup = BA6D7D4A21081FDD0050201C /* Products */;
			projectDirPath = "";
			projectRoot = "";
			targets = (
				BA6D7D4821081FDD0050201C /* OpenglMac_06 */,
			);
		};
/* End PBXProject section */

/* Begin PBXResourcesBuildPhase section */
		BA6D7D4721081FDD0050201C /* Resources */ = {
			isa = PBXResourcesBuildPhase;
			buildActionMask = 2147483647;
			files = (
				BA034BF5211074BA00B9500C /* urbansp_up1.tga in Resources */,
				BA034BDE211068AB00B9500C /* scene.vertex in Resources */,
				BA6D7E1621085D350050201C /* wood.png in Resources */,
				BA034BF3211074BA00B9500C /* urbansp_ft.tga in Resources */,
				BA6D7E202109602F0050201C /* setData.vert in Resources */,
				BA034BF7211076CF00B9500C /* container.jpg in Resources */,
				BA9A2645210F7FB200BBE973 /* unit_cube.vbm in Resources */,
				BA034BF0211074BA00B9500C /* urbansp_dn.tga in Resources */,
				BA9EC515210AFE7200A82A9B /* TextureView.frag in Resources */,
				BA034BF2211074BA00B9500C /* urbansp_rt.tga in Resources */,
				BA034BEF211074BA00B9500C /* urbansp_bk.tga in Resources */,
				BA9EC516210AFE7200A82A9B /* TextureView.vert in Resources */,
				BA10DE992109B64B004D63BF /* setData.frag in Resources */,
				BA034BE1211068AB00B9500C /* skybox.vertex in Resources */,
				BACC51EB210B1422003B38C6 /* img_cheryl.jpg in Resources */,
				BA6D7E1A210875710050201C /* qipan.frag in Resources */,
				BA034BDF211068AB00B9500C /* skybox.frag in Resources */,
				BA034BF4211074BA00B9500C /* urbansp_up.tga in Resources */,
				BACC51E9210B106C003B38C6 /* cnWenli.frag in Resources */,
				BA6D7E182108755E0050201C /* qipan.vert in Resources */,
				BA9EC518210B02AB00A82A9B /* TantolundenCube.dds in Resources */,
				BA034BF1211074BA00B9500C /* urbansp_lf.tga in Resources */,
				BA6D7D5021081FDE0050201C /* Assets.xcassets in Resources */,
				BA034BE0211068AB00B9500C /* scene.frag in Resources */,
				BA692DCD2109CA0E00704DF8 /* test.dds in Resources */,
				BACC51E7210B105F003B38C6 /* cnWenli.vert in Resources */,
			);
			runOnlyForDeploymentPostprocessing = 0;
		};
/* End PBXResourcesBuildPhase section */

/* Begin PBXSourcesBuildPhase section */
		BA6D7D4521081FDD0050201C /* Sources */ = {
			isa = PBXSourcesBuildPhase;
			buildActionMask = 2147483647;
			files = (
				BAFB5DDE210B0CC500E8E01E /* image_DXT.c in Sources */,
				BAFB5DD7210B0C9100E8E01E /* stb_image_aug.c in Sources */,
				BA6D7E01210820C40050201C /* LoadShaders.cpp in Sources */,
				BA6D7E03210820C40050201C /* targa.cpp in Sources */,
				BA6D7E05210820C40050201C /* vdds.cpp in Sources */,
				BA6D7E06210820C40050201C /* vermilion.cpp in Sources */,
				BA6D7E00210820C40050201C /* gl3w.c in Sources */,
				BAFB5DD8210B0C9100E8E01E /* SOIL.c in Sources */,
				BAFB5DDD210B0CC500E8E01E /* image_helper.c in Sources */,
				BA6D7E04210820C40050201C /* vbm.cpp in Sources */,
				BA9A2643210F795400BBE973 /* mian.cpp in Sources */,
				BA6D7E02210820C40050201C /* loadtexture.cpp in Sources */,
			);
			runOnlyForDeploymentPostprocessing = 0;
		};
/* End PBXSourcesBuildPhase section */

/* Begin XCBuildConfiguration section */
		BA6D7D5821081FDE0050201C /* Debug */ = {
			isa = XCBuildConfiguration;
			buildSettings = {
				ALWAYS_SEARCH_USER_PATHS = NO;
				CLANG_ANALYZER_NONNULL = YES;
				CLANG_ANALYZER_NUMBER_OBJECT_CONVERSION = YES_AGGRESSIVE;
				CLANG_CXX_LANGUAGE_STANDARD = "gnu++14";
				CLANG_CXX_LIBRARY = "libc++";
				CLANG_ENABLE_MODULES = YES;
				CLANG_ENABLE_OBJC_ARC = YES;
				CLANG_ENABLE_OBJC_WEAK = YES;
				CLANG_WARN_BLOCK_CAPTURE_AUTORELEASING = YES;
				CLANG_WARN_BOOL_CONVERSION = YES;
				CLANG_WARN_COMMA = YES;
				CLANG_WARN_CONSTANT_CONVERSION = YES;
				CLANG_WARN_DEPRECATED_OBJC_IMPLEMENTATIONS = YES;
				CLANG_WARN_DIRECT_OBJC_ISA_USAGE = YES_ERROR;
				CLANG_WARN_DOCUMENTATION_COMMENTS = YES;
				CLANG_WARN_EMPTY_BODY = YES;
				CLANG_WARN_ENUM_CONVERSION = YES;
				CLANG_WARN_INFINITE_RECURSION = YES;
				CLANG_WARN_INT_CONVERSION = YES;
				CLANG_WARN_NON_LITERAL_NULL_CONVERSION = YES;
				CLANG_WARN_OBJC_IMPLICIT_RETAIN_SELF = YES;
				CLANG_WARN_OBJC_LITERAL_CONVERSION = YES;
				CLANG_WARN_OBJC_ROOT_CLASS = YES_ERROR;
				CLANG_WARN_RANGE_LOOP_ANALYSIS = YES;
				CLANG_WARN_STRICT_PROTOTYPES = YES;
				CLANG_WARN_SUSPICIOUS_MOVE = YES;
				CLANG_WARN_UNGUARDED_AVAILABILITY = YES_AGGRESSIVE;
				CLANG_WARN_UNREACHABLE_CODE = YES;
				CLANG_WARN__DUPLICATE_METHOD_MATCH = YES;
				CODE_SIGN_IDENTITY = "Mac Developer";
				COPY_PHASE_STRIP = NO;
				DEBUG_INFORMATION_FORMAT = dwarf;
				ENABLE_STRICT_OBJC_MSGSEND = YES;
				ENABLE_TESTABILITY = YES;
				GCC_C_LANGUAGE_STANDARD = gnu11;
				GCC_DYNAMIC_NO_PIC = NO;
				GCC_NO_COMMON_BLOCKS = YES;
				GCC_OPTIMIZATION_LEVEL = 0;
				GCC_PREPROCESSOR_DEFINITIONS = (
					"DEBUG=1",
					"$(inherited)",
				);
				GCC_WARN_64_TO_32_BIT_CONVERSION = YES;
				GCC_WARN_ABOUT_RETURN_TYPE = YES_ERROR;
				GCC_WARN_UNDECLARED_SELECTOR = YES;
				GCC_WARN_UNINITIALIZED_AUTOS = YES_AGGRESSIVE;
				GCC_WARN_UNUSED_FUNCTION = YES;
				GCC_WARN_UNUSED_VARIABLE = YES;
				MACOSX_DEPLOYMENT_TARGET = 10.13;
				MTL_ENABLE_DEBUG_INFO = YES;
				ONLY_ACTIVE_ARCH = YES;
				SDKROOT = macosx;
			};
			name = Debug;
		};
		BA6D7D5921081FDE0050201C /* Release */ = {
			isa = XCBuildConfiguration;
			buildSettings = {
				ALWAYS_SEARCH_USER_PATHS = NO;
				CLANG_ANALYZER_NONNULL = YES;
				CLANG_ANALYZER_NUMBER_OBJECT_CONVERSION = YES_AGGRESSIVE;
				CLANG_CXX_LANGUAGE_STANDARD = "gnu++14";
				CLANG_CXX_LIBRARY = "libc++";
				CLANG_ENABLE_MODULES = YES;
				CLANG_ENABLE_OBJC_ARC = YES;
				CLANG_ENABLE_OBJC_WEAK = YES;
				CLANG_WARN_BLOCK_CAPTURE_AUTORELEASING = YES;
				CLANG_WARN_BOOL_CONVERSION = YES;
				CLANG_WARN_COMMA = YES;
				CLANG_WARN_CONSTANT_CONVERSION = YES;
				CLANG_WARN_DEPRECATED_OBJC_IMPLEMENTATIONS = YES;
				CLANG_WARN_DIRECT_OBJC_ISA_USAGE = YES_ERROR;
				CLANG_WARN_DOCUMENTATION_COMMENTS = YES;
				CLANG_WARN_EMPTY_BODY = YES;
				CLANG_WARN_ENUM_CONVERSION = YES;
				CLANG_WARN_INFINITE_RECURSION = YES;
				CLANG_WARN_INT_CONVERSION = YES;
				CLANG_WARN_NON_LITERAL_NULL_CONVERSION = YES;
				CLANG_WARN_OBJC_IMPLICIT_RETAIN_SELF = YES;
				CLANG_WARN_OBJC_LITERAL_CONVERSION = YES;
				CLANG_WARN_OBJC_ROOT_CLASS = YES_ERROR;
				CLANG_WARN_RANGE_LOOP_ANALYSIS = YES;
				CLANG_WARN_STRICT_PROTOTYPES = YES;
				CLANG_WARN_SUSPICIOUS_MOVE = YES;
				CLANG_WARN_UNGUARDED_AVAILABILITY = YES_AGGRESSIVE;
				CLANG_WARN_UNREACHABLE_CODE = YES;
				CLANG_WARN__DUPLICATE_METHOD_MATCH = YES;
				CODE_SIGN_IDENTITY = "Mac Developer";
				COPY_PHASE_STRIP = NO;
				DEBUG_INFORMATION_FORMAT = "dwarf-with-dsym";
				ENABLE_NS_ASSERTIONS = NO;
				ENABLE_STRICT_OBJC_MSGSEND = YES;
				GCC_C_LANGUAGE_STANDARD = gnu11;
				GCC_NO_COMMON_BLOCKS = YES;
				GCC_WARN_64_TO_32_BIT_CONVERSION = YES;
				GCC_WARN_ABOUT_RETURN_TYPE = YES_ERROR;
				GCC_WARN_UNDECLARED_SELECTOR = YES;
				GCC_WARN_UNINITIALIZED_AUTOS = YES_AGGRESSIVE;
				GCC_WARN_UNUSED_FUNCTION = YES;
				GCC_WARN_UNUSED_VARIABLE = YES;
				MACOSX_DEPLOYMENT_TARGET = 10.13;
				MTL_ENABLE_DEBUG_INFO = NO;
				SDKROOT = macosx;
			};
			name = Release;
		};
		BA6D7D5B21081FDE0050201C /* Debug */ = {
			isa = XCBuildConfiguration;
			buildSettings = {
				ASSETCATALOG_COMPILER_APPICON_NAME = AppIcon;
				CODE_SIGN_ENTITLEMENTS = OpenglMac_06/OpenglMac_06.entitlements;
				CODE_SIGN_STYLE = Automatic;
				COMBINE_HIDPI_IMAGES = YES;
				DEVELOPMENT_TEAM = NLRV94SV3R;
				HEADER_SEARCH_PATHS = (
					"$(glew_header)",
					"$(glfw_header)",
					/usr/local/Cellar/glm/0.9.9.0/include,
				);
				INFOPLIST_FILE = OpenglMac_06/Info.plist;
				LD_RUNPATH_SEARCH_PATHS = (
					"$(inherited)",
					"@executable_path/../Frameworks",
				);
				LIBRARY_SEARCH_PATHS = (
					"$(inherited)",
					/usr/local/Cellar/glew/2.1.0/lib,
					/usr/local/Cellar/glfw/3.2.1/lib,
					"$(PROJECT_DIR)/OpenglMac_06",
				);
				MACOSX_DEPLOYMENT_TARGET = 10.8;
				OTHER_LDFLAGS = "";
				PRODUCT_BUNDLE_IDENTIFIER = "alfons.OpenglMac-06";
				PRODUCT_NAME = "$(TARGET_NAME)";
				VALID_ARCHS = "i386 x86_64";
			};
			name = Debug;
		};
		BA6D7D5C21081FDE0050201C /* Release */ = {
			isa = XCBuildConfiguration;
			buildSettings = {
				ASSETCATALOG_COMPILER_APPICON_NAME = AppIcon;
				CODE_SIGN_ENTITLEMENTS = OpenglMac_06/OpenglMac_06.entitlements;
				CODE_SIGN_STYLE = Automatic;
				COMBINE_HIDPI_IMAGES = YES;
				DEVELOPMENT_TEAM = NLRV94SV3R;
				HEADER_SEARCH_PATHS = (
					"$(glew_header)",
					"$(glfw_header)",
					/usr/local/Cellar/glm/0.9.9.0/include,
				);
				INFOPLIST_FILE = OpenglMac_06/Info.plist;
				LD_RUNPATH_SEARCH_PATHS = (
					"$(inherited)",
					"@executable_path/../Frameworks",
				);
				LIBRARY_SEARCH_PATHS = (
					"$(inherited)",
					/usr/local/Cellar/glew/2.1.0/lib,
					/usr/local/Cellar/glfw/3.2.1/lib,
					"$(PROJECT_DIR)/OpenglMac_06",
				);
				MACOSX_DEPLOYMENT_TARGET = 10.8;
				OTHER_LDFLAGS = "";
				PRODUCT_BUNDLE_IDENTIFIER = "alfons.OpenglMac-06";
				PRODUCT_NAME = "$(TARGET_NAME)";
				VALID_ARCHS = "i386 x86_64";
			};
			name = Release;
		};
/* End XCBuildConfiguration section */

/* Begin XCConfigurationList section */
		BA6D7D4421081FDD0050201C /* Build configuration list for PBXProject "OpenglMac_06" */ = {
			isa = XCConfigurationList;
			buildConfigurations = (
				BA6D7D5821081FDE0050201C /* Debug */,
				BA6D7D5921081FDE0050201C /* Release */,
			);
			defaultConfigurationIsVisible = 0;
			defaultConfigurationName = Release;
		};
		BA6D7D5A21081FDE0050201C /* Build configuration list for PBXNativeTarget "OpenglMac_06" */ = {
			isa = XCConfigurationList;
			buildConfigurations = (
				BA6D7D5B21081FDE0050201C /* Debug */,
				BA6D7D5C21081FDE0050201C /* Release */,
			);
			defaultConfigurationIsVisible = 0;
			defaultConfigurationName = Release;
		};
/* End XCConfigurationList section */
	};
	rootObject = BA6D7D4121081FDD0050201C /* Project object */;
}
