// !$*UTF8*$!
{
	archiveVersion = 1;
	classes = {
	};
	objectVersion = 50;
	objects = {

/* Begin PBXBuildFile section */
		BA22358620FCAD9500E8BD3F /* Assets.xcassets in Resources */ = {isa = PBXBuildFile; fileRef = BA22358520FCAD9500E8BD3F /* Assets.xcassets */; };
		BA22358C20FCAD9500E8BD3F /* main.cpp in Sources */ = {isa = PBXBuildFile; fileRef = BA22358B20FCAD9500E8BD3F /* main.cpp */; };
		BA22359720FCAD9500E8BD3F /* OpenglMac_01Tests.m in Sources */ = {isa = PBXBuildFile; fileRef = BA22359620FCAD9500E8BD3F /* OpenglMac_01Tests.m */; };
		BA2235A220FCAD9500E8BD3F /* OpenglMac_01UITests.m in Sources */ = {isa = PBXBuildFile; fileRef = BA2235A120FCAD9500E8BD3F /* OpenglMac_01UITests.m */; };
		BA2235B120FCADC400E8BD3F /* OpenGL.framework in Frameworks */ = {isa = PBXBuildFile; fileRef = BA2235B020FCADC400E8BD3F /* OpenGL.framework */; };
		BA2235B320FCADCE00E8BD3F /* GLUT.framework in Frameworks */ = {isa = PBXBuildFile; fileRef = BA2235B220FCADCE00E8BD3F /* GLUT.framework */; };
		BA2235B520FCAE4B00E8BD3F /* libGLEW.2.1.0.dylib in Frameworks */ = {isa = PBXBuildFile; fileRef = BA2235B420FCAE4B00E8BD3F /* libGLEW.2.1.0.dylib */; };
		BA2235B920FCB39B00E8BD3F /* LoadShaders.cpp in Sources */ = {isa = PBXBuildFile; fileRef = BA2235B820FCB39B00E8BD3F /* LoadShaders.cpp */; };
		BA2235BC20FCB47100E8BD3F /* triangles.frag in Resources */ = {isa = PBXBuildFile; fileRef = BA2235BA20FCB47000E8BD3F /* triangles.frag */; };
		BA2235BD20FCB47100E8BD3F /* triangles.vert in Resources */ = {isa = PBXBuildFile; fileRef = BA2235BB20FCB47000E8BD3F /* triangles.vert */; };
		BA2235CB20FDD85900E8BD3F /* gl3w.c in Sources */ = {isa = PBXBuildFile; fileRef = BA2235C620FDD85800E8BD3F /* gl3w.c */; };
		BA2235CE20FDD85900E8BD3F /* targa.cpp in Sources */ = {isa = PBXBuildFile; fileRef = BA2235C920FDD85900E8BD3F /* targa.cpp */; };
		BA2235F820FDE28100E8BD3F /* UniformBlock.g in Resources */ = {isa = PBXBuildFile; fileRef = BA2235F620FDE28100E8BD3F /* UniformBlock.g */; };
		BA2235F920FDE28100E8BD3F /* UniformBlock.v in Resources */ = {isa = PBXBuildFile; fileRef = BA2235F720FDE28100E8BD3F /* UniformBlock.v */; };
		BA2237CC2100917800E8BD3F /* primitive_restart.g in Resources */ = {isa = PBXBuildFile; fileRef = BA2237CA2100917700E8BD3F /* primitive_restart.g */; };
		BA2237CD2100917800E8BD3F /* primitive_restart.v in Resources */ = {isa = PBXBuildFile; fileRef = BA2237CB2100917700E8BD3F /* primitive_restart.v */; };
/* End PBXBuildFile section */

/* Begin PBXContainerItemProxy section */
		BA22359320FCAD9500E8BD3F /* PBXContainerItemProxy */ = {
			isa = PBXContainerItemProxy;
			containerPortal = BA22357420FCAD9400E8BD3F /* Project object */;
			proxyType = 1;
			remoteGlobalIDString = BA22357B20FCAD9400E8BD3F;
			remoteInfo = OpenglMac_01;
		};
		BA22359E20FCAD9500E8BD3F /* PBXContainerItemProxy */ = {
			isa = PBXContainerItemProxy;
			containerPortal = BA22357420FCAD9400E8BD3F /* Project object */;
			proxyType = 1;
			remoteGlobalIDString = BA22357B20FCAD9400E8BD3F;
			remoteInfo = OpenglMac_01;
		};
/* End PBXContainerItemProxy section */

/* Begin PBXFileReference section */
		BA22357C20FCAD9400E8BD3F /* OpenglMac_02.app */ = {isa = PBXFileReference; explicitFileType = wrapper.application; includeInIndex = 0; path = OpenglMac_02.app; sourceTree = BUILT_PRODUCTS_DIR; };
		BA22358520FCAD9500E8BD3F /* Assets.xcassets */ = {isa = PBXFileReference; lastKnownFileType = folder.assetcatalog; path = Assets.xcassets; sourceTree = "<group>"; };
		BA22358A20FCAD9500E8BD3F /* Info.plist */ = {isa = PBXFileReference; lastKnownFileType = text.plist.xml; path = Info.plist; sourceTree = "<group>"; };
		BA22358B20FCAD9500E8BD3F /* main.cpp */ = {isa = PBXFileReference; lastKnownFileType = sourcecode.cpp.cpp; path = main.cpp; sourceTree = "<group>"; };
		BA22359220FCAD9500E8BD3F /* OpenglMac_02Tests.xctest */ = {isa = PBXFileReference; explicitFileType = wrapper.cfbundle; includeInIndex = 0; path = OpenglMac_02Tests.xctest; sourceTree = BUILT_PRODUCTS_DIR; };
		BA22359620FCAD9500E8BD3F /* OpenglMac_01Tests.m */ = {isa = PBXFileReference; lastKnownFileType = sourcecode.c.objc; path = OpenglMac_01Tests.m; sourceTree = "<group>"; };
		BA22359820FCAD9500E8BD3F /* Info.plist */ = {isa = PBXFileReference; lastKnownFileType = text.plist.xml; path = Info.plist; sourceTree = "<group>"; };
		BA22359D20FCAD9500E8BD3F /* OpenglMac_02UITests.xctest */ = {isa = PBXFileReference; explicitFileType = wrapper.cfbundle; includeInIndex = 0; path = OpenglMac_02UITests.xctest; sourceTree = BUILT_PRODUCTS_DIR; };
		BA2235A120FCAD9500E8BD3F /* OpenglMac_01UITests.m */ = {isa = PBXFileReference; lastKnownFileType = sourcecode.c.objc; path = OpenglMac_01UITests.m; sourceTree = "<group>"; };
		BA2235A320FCAD9500E8BD3F /* Info.plist */ = {isa = PBXFileReference; lastKnownFileType = text.plist.xml; path = Info.plist; sourceTree = "<group>"; };
		BA2235B020FCADC400E8BD3F /* OpenGL.framework */ = {isa = PBXFileReference; lastKnownFileType = wrapper.framework; name = OpenGL.framework; path = System/Library/Frameworks/OpenGL.framework; sourceTree = SDKROOT; };
		BA2235B220FCADCE00E8BD3F /* GLUT.framework */ = {isa = PBXFileReference; lastKnownFileType = wrapper.framework; name = GLUT.framework; path = System/Library/Frameworks/GLUT.framework; sourceTree = SDKROOT; };
		BA2235B420FCAE4B00E8BD3F /* libGLEW.2.1.0.dylib */ = {isa = PBXFileReference; lastKnownFileType = "compiled.mach-o.dylib"; name = libGLEW.2.1.0.dylib; path = ../../../../../../usr/local/Cellar/glew/2.1.0/lib/libGLEW.2.1.0.dylib; sourceTree = "<group>"; };
		BA2235B720FCB38600E8BD3F /* LoadShaders.h */ = {isa = PBXFileReference; fileEncoding = 4; lastKnownFileType = sourcecode.c.h; path = LoadShaders.h; sourceTree = "<group>"; };
		BA2235B820FCB39B00E8BD3F /* LoadShaders.cpp */ = {isa = PBXFileReference; fileEncoding = 4; lastKnownFileType = sourcecode.cpp.cpp; path = LoadShaders.cpp; sourceTree = "<group>"; };
		BA2235BA20FCB47000E8BD3F /* triangles.frag */ = {isa = PBXFileReference; fileEncoding = 4; lastKnownFileType = sourcecode.glsl; path = triangles.frag; sourceTree = "<group>"; };
		BA2235BB20FCB47000E8BD3F /* triangles.vert */ = {isa = PBXFileReference; fileEncoding = 4; lastKnownFileType = sourcecode.glsl; path = triangles.vert; sourceTree = "<group>"; };
		BA2235C620FDD85800E8BD3F /* gl3w.c */ = {isa = PBXFileReference; fileEncoding = 4; lastKnownFileType = sourcecode.c.c; path = gl3w.c; sourceTree = "<group>"; };
		BA2235C920FDD85900E8BD3F /* targa.cpp */ = {isa = PBXFileReference; fileEncoding = 4; lastKnownFileType = sourcecode.cpp.cpp; path = targa.cpp; sourceTree = "<group>"; };
		BA2235CF20FDD87500E8BD3F /* vgl.h */ = {isa = PBXFileReference; fileEncoding = 4; lastKnownFileType = sourcecode.c.h; path = vgl.h; sourceTree = "<group>"; };
		BA2235D020FDD87500E8BD3F /* vmath.h */ = {isa = PBXFileReference; fileEncoding = 4; lastKnownFileType = sourcecode.c.h; path = vmath.h; sourceTree = "<group>"; };
		BA2235D120FDD87500E8BD3F /* vec.h */ = {isa = PBXFileReference; fileEncoding = 4; lastKnownFileType = sourcecode.c.h; path = vec.h; sourceTree = "<group>"; };
		BA2235D220FDD87500E8BD3F /* vermilion.h */ = {isa = PBXFileReference; fileEncoding = 4; lastKnownFileType = sourcecode.c.h; path = vermilion.h; sourceTree = "<group>"; };
		BA2235D320FDD87500E8BD3F /* vapp.h */ = {isa = PBXFileReference; fileEncoding = 4; lastKnownFileType = sourcecode.c.h; path = vapp.h; sourceTree = "<group>"; };
		BA2235D420FDD87600E8BD3F /* vutils.h */ = {isa = PBXFileReference; fileEncoding = 4; lastKnownFileType = sourcecode.c.h; path = vutils.h; sourceTree = "<group>"; };
		BA2235D520FDD87600E8BD3F /* vbm.h */ = {isa = PBXFileReference; fileEncoding = 4; lastKnownFileType = sourcecode.c.h; path = vbm.h; sourceTree = "<group>"; };
		BA2235D620FDD87F00E8BD3F /* mat.h */ = {isa = PBXFileReference; fileEncoding = 4; lastKnownFileType = sourcecode.c.h; path = mat.h; sourceTree = "<group>"; };
		BA2235D720FDD87F00E8BD3F /* CheckError.h */ = {isa = PBXFileReference; fileEncoding = 4; lastKnownFileType = sourcecode.c.h; path = CheckError.h; sourceTree = "<group>"; };
		BA2235D920FDD88900E8BD3F /* gl3w.h */ = {isa = PBXFileReference; fileEncoding = 4; lastKnownFileType = sourcecode.c.h; path = gl3w.h; sourceTree = "<group>"; };
		BA2235DA20FDD88900E8BD3F /* gl3.h */ = {isa = PBXFileReference; fileEncoding = 4; lastKnownFileType = sourcecode.c.h; path = gl3.h; sourceTree = "<group>"; };
		BA2235DB20FDD89900E8BD3F /* Cube.h */ = {isa = PBXFileReference; fileEncoding = 4; lastKnownFileType = sourcecode.c.h; path = Cube.h; sourceTree = "<group>"; };
		BA2235DC20FDD89900E8BD3F /* Teapot.h */ = {isa = PBXFileReference; fileEncoding = 4; lastKnownFileType = sourcecode.c.h; path = Teapot.h; sourceTree = "<group>"; };
		BA2235F520FDE00200E8BD3F /* OpenglMac_02.entitlements */ = {isa = PBXFileReference; fileEncoding = 4; lastKnownFileType = text.plist.entitlements; path = OpenglMac_02.entitlements; sourceTree = "<group>"; };
		BA2235F620FDE28100E8BD3F /* UniformBlock.g */ = {isa = PBXFileReference; fileEncoding = 4; lastKnownFileType = text; path = UniformBlock.g; sourceTree = "<group>"; };
		BA2235F720FDE28100E8BD3F /* UniformBlock.v */ = {isa = PBXFileReference; fileEncoding = 4; lastKnownFileType = text; path = UniformBlock.v; sourceTree = "<group>"; };
		BA2237CA2100917700E8BD3F /* primitive_restart.g */ = {isa = PBXFileReference; fileEncoding = 4; lastKnownFileType = text; name = primitive_restart.g; path = ../../MacOpenGL04/MacOpenGL03/primitive_restart.g; sourceTree = "<group>"; };
		BA2237CB2100917700E8BD3F /* primitive_restart.v */ = {isa = PBXFileReference; fileEncoding = 4; lastKnownFileType = text; name = primitive_restart.v; path = ../../MacOpenGL04/MacOpenGL03/primitive_restart.v; sourceTree = "<group>"; };
/* End PBXFileReference section */

/* Begin PBXFrameworksBuildPhase section */
		BA22357920FCAD9400E8BD3F /* Frameworks */ = {
			isa = PBXFrameworksBuildPhase;
			buildActionMask = 2147483647;
			files = (
				BA2235B520FCAE4B00E8BD3F /* libGLEW.2.1.0.dylib in Frameworks */,
				BA2235B320FCADCE00E8BD3F /* GLUT.framework in Frameworks */,
				BA2235B120FCADC400E8BD3F /* OpenGL.framework in Frameworks */,
			);
			runOnlyForDeploymentPostprocessing = 0;
		};
		BA22358F20FCAD9500E8BD3F /* Frameworks */ = {
			isa = PBXFrameworksBuildPhase;
			buildActionMask = 2147483647;
			files = (
			);
			runOnlyForDeploymentPostprocessing = 0;
		};
		BA22359A20FCAD9500E8BD3F /* Frameworks */ = {
			isa = PBXFrameworksBuildPhase;
			buildActionMask = 2147483647;
			files = (
			);
			runOnlyForDeploymentPostprocessing = 0;
		};
/* End PBXFrameworksBuildPhase section */

/* Begin PBXGroup section */
		BA22357320FCAD9400E8BD3F = {
			isa = PBXGroup;
			children = (
				BA22357E20FCAD9500E8BD3F /* OpenglMac_02 */,
				BA22359520FCAD9500E8BD3F /* OpenglMac_01Tests */,
				BA2235A020FCAD9500E8BD3F /* OpenglMac_01UITests */,
				BA22357D20FCAD9400E8BD3F /* Products */,
				BA2235AF20FCADC300E8BD3F /* Frameworks */,
			);
			sourceTree = "<group>";
		};
		BA22357D20FCAD9400E8BD3F /* Products */ = {
			isa = PBXGroup;
			children = (
				BA22357C20FCAD9400E8BD3F /* OpenglMac_02.app */,
				BA22359220FCAD9500E8BD3F /* OpenglMac_02Tests.xctest */,
				BA22359D20FCAD9500E8BD3F /* OpenglMac_02UITests.xctest */,
			);
			name = Products;
			sourceTree = "<group>";
		};
		BA22357E20FCAD9500E8BD3F /* OpenglMac_02 */ = {
			isa = PBXGroup;
			children = (
				BA2235F520FDE00200E8BD3F /* OpenglMac_02.entitlements */,
				BA2237CA2100917700E8BD3F /* primitive_restart.g */,
				BA2237CB2100917700E8BD3F /* primitive_restart.v */,
				BA22358B20FCAD9500E8BD3F /* main.cpp */,
				BA2235F620FDE28100E8BD3F /* UniformBlock.g */,
				BA2235F720FDE28100E8BD3F /* UniformBlock.v */,
				BA2235BA20FCB47000E8BD3F /* triangles.frag */,
				BA22358A20FCAD9500E8BD3F /* Info.plist */,
				BA2235BB20FCB47000E8BD3F /* triangles.vert */,
				BA22358520FCAD9500E8BD3F /* Assets.xcassets */,
				BA2235C320FDD7AF00E8BD3F /* include */,
				BA2235C420FDD7C000E8BD3F /* lib */,
			);
			path = OpenglMac_02;
			sourceTree = "<group>";
		};
		BA22359520FCAD9500E8BD3F /* OpenglMac_01Tests */ = {
			isa = PBXGroup;
			children = (
				BA22359620FCAD9500E8BD3F /* OpenglMac_01Tests.m */,
				BA22359820FCAD9500E8BD3F /* Info.plist */,
			);
			path = OpenglMac_01Tests;
			sourceTree = "<group>";
		};
		BA2235A020FCAD9500E8BD3F /* OpenglMac_01UITests */ = {
			isa = PBXGroup;
			children = (
				BA2235A120FCAD9500E8BD3F /* OpenglMac_01UITests.m */,
				BA2235A320FCAD9500E8BD3F /* Info.plist */,
			);
			path = OpenglMac_01UITests;
			sourceTree = "<group>";
		};
		BA2235AF20FCADC300E8BD3F /* Frameworks */ = {
			isa = PBXGroup;
			children = (
				BA2235B420FCAE4B00E8BD3F /* libGLEW.2.1.0.dylib */,
				BA2235B220FCADCE00E8BD3F /* GLUT.framework */,
				BA2235B020FCADC400E8BD3F /* OpenGL.framework */,
			);
			name = Frameworks;
			sourceTree = "<group>";
		};
		BA2235C320FDD7AF00E8BD3F /* include */ = {
			isa = PBXGroup;
			children = (
				BA2235B720FCB38600E8BD3F /* LoadShaders.h */,
				BA2235DB20FDD89900E8BD3F /* Cube.h */,
				BA2235DC20FDD89900E8BD3F /* Teapot.h */,
				BA2235DA20FDD88900E8BD3F /* gl3.h */,
				BA2235D920FDD88900E8BD3F /* gl3w.h */,
				BA2235D720FDD87F00E8BD3F /* CheckError.h */,
				BA2235D620FDD87F00E8BD3F /* mat.h */,
				BA2235D320FDD87500E8BD3F /* vapp.h */,
				BA2235D520FDD87600E8BD3F /* vbm.h */,
				BA2235D120FDD87500E8BD3F /* vec.h */,
				BA2235D220FDD87500E8BD3F /* vermilion.h */,
				BA2235CF20FDD87500E8BD3F /* vgl.h */,
				BA2235D020FDD87500E8BD3F /* vmath.h */,
				BA2235D420FDD87600E8BD3F /* vutils.h */,
			);
			path = include;
			sourceTree = "<group>";
		};
		BA2235C420FDD7C000E8BD3F /* lib */ = {
			isa = PBXGroup;
			children = (
				BA2235C620FDD85800E8BD3F /* gl3w.c */,
				BA2235C920FDD85900E8BD3F /* targa.cpp */,
				BA2235B820FCB39B00E8BD3F /* LoadShaders.cpp */,
			);
			path = lib;
			sourceTree = "<group>";
		};
/* End PBXGroup section */

/* Begin PBXNativeTarget section */
		BA22357B20FCAD9400E8BD3F /* OpenglMac_02 */ = {
			isa = PBXNativeTarget;
			buildConfigurationList = BA2235A620FCAD9500E8BD3F /* Build configuration list for PBXNativeTarget "OpenglMac_02" */;
			buildPhases = (
				BA22357820FCAD9400E8BD3F /* Sources */,
				BA22357920FCAD9400E8BD3F /* Frameworks */,
				BA22357A20FCAD9400E8BD3F /* Resources */,
			);
			buildRules = (
			);
			dependencies = (
			);
			name = OpenglMac_02;
			productName = OpenglMac_01;
			productReference = BA22357C20FCAD9400E8BD3F /* OpenglMac_02.app */;
			productType = "com.apple.product-type.application";
		};
		BA22359120FCAD9500E8BD3F /* OpenglMac_02Tests */ = {
			isa = PBXNativeTarget;
			buildConfigurationList = BA2235A920FCAD9500E8BD3F /* Build configuration list for PBXNativeTarget "OpenglMac_02Tests" */;
			buildPhases = (
				BA22358E20FCAD9500E8BD3F /* Sources */,
				BA22358F20FCAD9500E8BD3F /* Frameworks */,
				BA22359020FCAD9500E8BD3F /* Resources */,
			);
			buildRules = (
			);
			dependencies = (
				BA22359420FCAD9500E8BD3F /* PBXTargetDependency */,
			);
			name = OpenglMac_02Tests;
			productName = OpenglMac_01Tests;
			productReference = BA22359220FCAD9500E8BD3F /* OpenglMac_02Tests.xctest */;
			productType = "com.apple.product-type.bundle.unit-test";
		};
		BA22359C20FCAD9500E8BD3F /* OpenglMac_02UITests */ = {
			isa = PBXNativeTarget;
			buildConfigurationList = BA2235AC20FCAD9500E8BD3F /* Build configuration list for PBXNativeTarget "OpenglMac_02UITests" */;
			buildPhases = (
				BA22359920FCAD9500E8BD3F /* Sources */,
				BA22359A20FCAD9500E8BD3F /* Frameworks */,
				BA22359B20FCAD9500E8BD3F /* Resources */,
			);
			buildRules = (
			);
			dependencies = (
				BA22359F20FCAD9500E8BD3F /* PBXTargetDependency */,
			);
			name = OpenglMac_02UITests;
			productName = OpenglMac_01UITests;
			productReference = BA22359D20FCAD9500E8BD3F /* OpenglMac_02UITests.xctest */;
			productType = "com.apple.product-type.bundle.ui-testing";
		};
/* End PBXNativeTarget section */

/* Begin PBXProject section */
		BA22357420FCAD9400E8BD3F /* Project object */ = {
			isa = PBXProject;
			attributes = {
				LastUpgradeCheck = 0940;
				ORGANIZATIONNAME = yujunzhen;
				TargetAttributes = {
					BA22357B20FCAD9400E8BD3F = {
						CreatedOnToolsVersion = 9.4.1;
					};
					BA22359120FCAD9500E8BD3F = {
						CreatedOnToolsVersion = 9.4.1;
						TestTargetID = BA22357B20FCAD9400E8BD3F;
					};
					BA22359C20FCAD9500E8BD3F = {
						CreatedOnToolsVersion = 9.4.1;
						TestTargetID = BA22357B20FCAD9400E8BD3F;
					};
				};
			};
			buildConfigurationList = BA22357720FCAD9400E8BD3F /* Build configuration list for PBXProject "OpenglMac_02" */;
			compatibilityVersion = "Xcode 9.3";
			developmentRegion = en;
			hasScannedForEncodings = 0;
			knownRegions = (
				en,
				Base,
			);
			mainGroup = BA22357320FCAD9400E8BD3F;
			productRefGroup = BA22357D20FCAD9400E8BD3F /* Products */;
			projectDirPath = "";
			projectRoot = "";
			targets = (
				BA22357B20FCAD9400E8BD3F /* OpenglMac_02 */,
				BA22359120FCAD9500E8BD3F /* OpenglMac_02Tests */,
				BA22359C20FCAD9500E8BD3F /* OpenglMac_02UITests */,
			);
		};
/* End PBXProject section */

/* Begin PBXResourcesBuildPhase section */
		BA22357A20FCAD9400E8BD3F /* Resources */ = {
			isa = PBXResourcesBuildPhase;
			buildActionMask = 2147483647;
			files = (
				BA22358620FCAD9500E8BD3F /* Assets.xcassets in Resources */,
				BA2235BC20FCB47100E8BD3F /* triangles.frag in Resources */,
				BA2235F820FDE28100E8BD3F /* UniformBlock.g in Resources */,
				BA2235BD20FCB47100E8BD3F /* triangles.vert in Resources */,
				BA2235F920FDE28100E8BD3F /* UniformBlock.v in Resources */,
				BA2237CC2100917800E8BD3F /* primitive_restart.g in Resources */,
				BA2237CD2100917800E8BD3F /* primitive_restart.v in Resources */,
			);
			runOnlyForDeploymentPostprocessing = 0;
		};
		BA22359020FCAD9500E8BD3F /* Resources */ = {
			isa = PBXResourcesBuildPhase;
			buildActionMask = 2147483647;
			files = (
			);
			runOnlyForDeploymentPostprocessing = 0;
		};
		BA22359B20FCAD9500E8BD3F /* Resources */ = {
			isa = PBXResourcesBuildPhase;
			buildActionMask = 2147483647;
			files = (
			);
			runOnlyForDeploymentPostprocessing = 0;
		};
/* End PBXResourcesBuildPhase section */

/* Begin PBXSourcesBuildPhase section */
		BA22357820FCAD9400E8BD3F /* Sources */ = {
			isa = PBXSourcesBuildPhase;
			buildActionMask = 2147483647;
			files = (
				BA2235CB20FDD85900E8BD3F /* gl3w.c in Sources */,
				BA2235B920FCB39B00E8BD3F /* LoadShaders.cpp in Sources */,
				BA22358C20FCAD9500E8BD3F /* main.cpp in Sources */,
				BA2235CE20FDD85900E8BD3F /* targa.cpp in Sources */,
			);
			runOnlyForDeploymentPostprocessing = 0;
		};
		BA22358E20FCAD9500E8BD3F /* Sources */ = {
			isa = PBXSourcesBuildPhase;
			buildActionMask = 2147483647;
			files = (
				BA22359720FCAD9500E8BD3F /* OpenglMac_01Tests.m in Sources */,
			);
			runOnlyForDeploymentPostprocessing = 0;
		};
		BA22359920FCAD9500E8BD3F /* Sources */ = {
			isa = PBXSourcesBuildPhase;
			buildActionMask = 2147483647;
			files = (
				BA2235A220FCAD9500E8BD3F /* OpenglMac_01UITests.m in Sources */,
			);
			runOnlyForDeploymentPostprocessing = 0;
		};
/* End PBXSourcesBuildPhase section */

/* Begin PBXTargetDependency section */
		BA22359420FCAD9500E8BD3F /* PBXTargetDependency */ = {
			isa = PBXTargetDependency;
			target = BA22357B20FCAD9400E8BD3F /* OpenglMac_02 */;
			targetProxy = BA22359320FCAD9500E8BD3F /* PBXContainerItemProxy */;
		};
		BA22359F20FCAD9500E8BD3F /* PBXTargetDependency */ = {
			isa = PBXTargetDependency;
			target = BA22357B20FCAD9400E8BD3F /* OpenglMac_02 */;
			targetProxy = BA22359E20FCAD9500E8BD3F /* PBXContainerItemProxy */;
		};
/* End PBXTargetDependency section */

/* Begin XCBuildConfiguration section */
		BA2235A420FCAD9500E8BD3F /* Debug */ = {
			isa = XCBuildConfiguration;
			buildSettings = {
				ALWAYS_SEARCH_USER_PATHS = NO;
				CLANG_ANALYZER_NONNULL = YES;
				CLANG_ANALYZER_NUMBER_OBJECT_CONVERSION = YES_AGGRESSIVE;
				CLANG_CXX_LANGUAGE_STANDARD = "gnu++14";
				CLANG_CXX_LIBRARY = "libc++";
				CLANG_ENABLE_MODULES = YES;
				CLANG_ENABLE_OBJC_ARC = YES;
				CLANG_ENABLE_OBJC_WEAK = YES;
				CLANG_WARN_BLOCK_CAPTURE_AUTORELEASING = YES;
				CLANG_WARN_BOOL_CONVERSION = YES;
				CLANG_WARN_COMMA = YES;
				CLANG_WARN_CONSTANT_CONVERSION = YES;
				CLANG_WARN_DEPRECATED_OBJC_IMPLEMENTATIONS = YES;
				CLANG_WARN_DIRECT_OBJC_ISA_USAGE = YES_ERROR;
				CLANG_WARN_DOCUMENTATION_COMMENTS = YES;
				CLANG_WARN_EMPTY_BODY = YES;
				CLANG_WARN_ENUM_CONVERSION = YES;
				CLANG_WARN_INFINITE_RECURSION = YES;
				CLANG_WARN_INT_CONVERSION = YES;
				CLANG_WARN_NON_LITERAL_NULL_CONVERSION = YES;
				CLANG_WARN_OBJC_IMPLICIT_RETAIN_SELF = YES;
				CLANG_WARN_OBJC_LITERAL_CONVERSION = YES;
				CLANG_WARN_OBJC_ROOT_CLASS = YES_ERROR;
				CLANG_WARN_RANGE_LOOP_ANALYSIS = YES;
				CLANG_WARN_STRICT_PROTOTYPES = YES;
				CLANG_WARN_SUSPICIOUS_MOVE = YES;
				CLANG_WARN_UNGUARDED_AVAILABILITY = YES_AGGRESSIVE;
				CLANG_WARN_UNREACHABLE_CODE = YES;
				CLANG_WARN__DUPLICATE_METHOD_MATCH = YES;
				CODE_SIGN_IDENTITY = "Mac Developer";
				COPY_PHASE_STRIP = NO;
				DEBUG_INFORMATION_FORMAT = dwarf;
				ENABLE_STRICT_OBJC_MSGSEND = YES;
				ENABLE_TESTABILITY = YES;
				GCC_C_LANGUAGE_STANDARD = gnu11;
				GCC_DYNAMIC_NO_PIC = NO;
				GCC_NO_COMMON_BLOCKS = YES;
				GCC_OPTIMIZATION_LEVEL = 0;
				GCC_PREPROCESSOR_DEFINITIONS = (
					"DEBUG=1",
					"$(inherited)",
				);
				GCC_WARN_64_TO_32_BIT_CONVERSION = YES;
				GCC_WARN_ABOUT_RETURN_TYPE = YES_ERROR;
				GCC_WARN_UNDECLARED_SELECTOR = YES;
				GCC_WARN_UNINITIALIZED_AUTOS = YES_AGGRESSIVE;
				GCC_WARN_UNUSED_FUNCTION = YES;
				GCC_WARN_UNUSED_VARIABLE = YES;
				MACOSX_DEPLOYMENT_TARGET = 10.13;
				MTL_ENABLE_DEBUG_INFO = YES;
				ONLY_ACTIVE_ARCH = YES;
				SDKROOT = macosx;
			};
			name = Debug;
		};
		BA2235A520FCAD9500E8BD3F /* Release */ = {
			isa = XCBuildConfiguration;
			buildSettings = {
				ALWAYS_SEARCH_USER_PATHS = NO;
				CLANG_ANALYZER_NONNULL = YES;
				CLANG_ANALYZER_NUMBER_OBJECT_CONVERSION = YES_AGGRESSIVE;
				CLANG_CXX_LANGUAGE_STANDARD = "gnu++14";
				CLANG_CXX_LIBRARY = "libc++";
				CLANG_ENABLE_MODULES = YES;
				CLANG_ENABLE_OBJC_ARC = YES;
				CLANG_ENABLE_OBJC_WEAK = YES;
				CLANG_WARN_BLOCK_CAPTURE_AUTORELEASING = YES;
				CLANG_WARN_BOOL_CONVERSION = YES;
				CLANG_WARN_COMMA = YES;
				CLANG_WARN_CONSTANT_CONVERSION = YES;
				CLANG_WARN_DEPRECATED_OBJC_IMPLEMENTATIONS = YES;
				CLANG_WARN_DIRECT_OBJC_ISA_USAGE = YES_ERROR;
				CLANG_WARN_DOCUMENTATION_COMMENTS = YES;
				CLANG_WARN_EMPTY_BODY = YES;
				CLANG_WARN_ENUM_CONVERSION = YES;
				CLANG_WARN_INFINITE_RECURSION = YES;
				CLANG_WARN_INT_CONVERSION = YES;
				CLANG_WARN_NON_LITERAL_NULL_CONVERSION = YES;
				CLANG_WARN_OBJC_IMPLICIT_RETAIN_SELF = YES;
				CLANG_WARN_OBJC_LITERAL_CONVERSION = YES;
				CLANG_WARN_OBJC_ROOT_CLASS = YES_ERROR;
				CLANG_WARN_RANGE_LOOP_ANALYSIS = YES;
				CLANG_WARN_STRICT_PROTOTYPES = YES;
				CLANG_WARN_SUSPICIOUS_MOVE = YES;
				CLANG_WARN_UNGUARDED_AVAILABILITY = YES_AGGRESSIVE;
				CLANG_WARN_UNREACHABLE_CODE = YES;
				CLANG_WARN__DUPLICATE_METHOD_MATCH = YES;
				CODE_SIGN_IDENTITY = "Mac Developer";
				COPY_PHASE_STRIP = NO;
				DEBUG_INFORMATION_FORMAT = "dwarf-with-dsym";
				ENABLE_NS_ASSERTIONS = NO;
				ENABLE_STRICT_OBJC_MSGSEND = YES;
				GCC_C_LANGUAGE_STANDARD = gnu11;
				GCC_NO_COMMON_BLOCKS = YES;
				GCC_WARN_64_TO_32_BIT_CONVERSION = YES;
				GCC_WARN_ABOUT_RETURN_TYPE = YES_ERROR;
				GCC_WARN_UNDECLARED_SELECTOR = YES;
				GCC_WARN_UNINITIALIZED_AUTOS = YES_AGGRESSIVE;
				GCC_WARN_UNUSED_FUNCTION = YES;
				GCC_WARN_UNUSED_VARIABLE = YES;
				MACOSX_DEPLOYMENT_TARGET = 10.13;
				MTL_ENABLE_DEBUG_INFO = NO;
				SDKROOT = macosx;
			};
			name = Release;
		};
		BA2235A720FCAD9500E8BD3F /* Debug */ = {
			isa = XCBuildConfiguration;
			buildSettings = {
				ASSETCATALOG_COMPILER_APPICON_NAME = AppIcon;
				CLANG_CXX_LANGUAGE_STANDARD = "gnu++98";
				CLANG_CXX_LIBRARY = "libstdc++";
				CODE_SIGN_ENTITLEMENTS = OpenglMac_02/OpenglMac_02.entitlements;
				CODE_SIGN_IDENTITY = "Mac Developer";
				CODE_SIGN_STYLE = Automatic;
				COMBINE_HIDPI_IMAGES = YES;
				DEVELOPMENT_TEAM = TX9DNQU2XB;
				GCC_C_LANGUAGE_STANDARD = gnu89;
				HEADER_SEARCH_PATHS = "$(glew_header)";
				INFOPLIST_FILE = "$(SRCROOT)/OpenglMac_02/Info.plist";
				LD_RUNPATH_SEARCH_PATHS = (
					"$(inherited)",
					"@executable_path/../Frameworks",
				);
				LIBRARY_SEARCH_PATHS = (
					"$(inherited)",
					/usr/local/Cellar/glew/2.1.0/lib,
				);
				MACOSX_DEPLOYMENT_TARGET = 10.8;
				OTHER_LDFLAGS = "-lGLEW";
				PRODUCT_BUNDLE_IDENTIFIER = "alfons.OpenglMac-02";
				PRODUCT_NAME = "$(TARGET_NAME)";
				PROVISIONING_PROFILE_SPECIFIER = "";
			};
			name = Debug;
		};
		BA2235A820FCAD9500E8BD3F /* Release */ = {
			isa = XCBuildConfiguration;
			buildSettings = {
				ASSETCATALOG_COMPILER_APPICON_NAME = AppIcon;
				CLANG_CXX_LANGUAGE_STANDARD = "gnu++98";
				CLANG_CXX_LIBRARY = "libstdc++";
				CODE_SIGN_ENTITLEMENTS = OpenglMac_02/OpenglMac_02.entitlements;
				CODE_SIGN_IDENTITY = "Mac Developer";
				CODE_SIGN_STYLE = Automatic;
				COMBINE_HIDPI_IMAGES = YES;
				DEVELOPMENT_TEAM = TX9DNQU2XB;
				GCC_C_LANGUAGE_STANDARD = gnu89;
				HEADER_SEARCH_PATHS = "$(glew_header)";
				INFOPLIST_FILE = "$(SRCROOT)/OpenglMac_02/Info.plist";
				LD_RUNPATH_SEARCH_PATHS = (
					"$(inherited)",
					"@executable_path/../Frameworks",
				);
				LIBRARY_SEARCH_PATHS = (
					"$(inherited)",
					/usr/local/Cellar/glew/2.1.0/lib,
				);
				MACOSX_DEPLOYMENT_TARGET = 10.8;
				OTHER_LDFLAGS = "-lGLEW";
				PRODUCT_BUNDLE_IDENTIFIER = "alfons.OpenglMac-02";
				PRODUCT_NAME = "$(TARGET_NAME)";
				PROVISIONING_PROFILE_SPECIFIER = "";
			};
			name = Release;
		};
		BA2235AA20FCAD9500E8BD3F /* Debug */ = {
			isa = XCBuildConfiguration;
			buildSettings = {
				BUNDLE_LOADER = "$(TEST_HOST)";
				CODE_SIGN_STYLE = Automatic;
				COMBINE_HIDPI_IMAGES = YES;
				DEVELOPMENT_TEAM = NLRV94SV3R;
				INFOPLIST_FILE = OpenglMac_01Tests/Info.plist;
				LD_RUNPATH_SEARCH_PATHS = (
					"$(inherited)",
					"@executable_path/../Frameworks",
					"@loader_path/../Frameworks",
				);
				PRODUCT_BUNDLE_IDENTIFIER = "alfons.OpenglMac-01Tests";
				PRODUCT_NAME = "$(TARGET_NAME)";
				TEST_HOST = "$(BUILT_PRODUCTS_DIR)/OpenglMac_02.app/Contents/MacOS/OpenglMac_02";
			};
			name = Debug;
		};
		BA2235AB20FCAD9500E8BD3F /* Release */ = {
			isa = XCBuildConfiguration;
			buildSettings = {
				BUNDLE_LOADER = "$(TEST_HOST)";
				CODE_SIGN_STYLE = Automatic;
				COMBINE_HIDPI_IMAGES = YES;
				DEVELOPMENT_TEAM = NLRV94SV3R;
				INFOPLIST_FILE = OpenglMac_01Tests/Info.plist;
				LD_RUNPATH_SEARCH_PATHS = (
					"$(inherited)",
					"@executable_path/../Frameworks",
					"@loader_path/../Frameworks",
				);
				PRODUCT_BUNDLE_IDENTIFIER = "alfons.OpenglMac-01Tests";
				PRODUCT_NAME = "$(TARGET_NAME)";
				TEST_HOST = "$(BUILT_PRODUCTS_DIR)/OpenglMac_02.app/Contents/MacOS/OpenglMac_02";
			};
			name = Release;
		};
		BA2235AD20FCAD9500E8BD3F /* Debug */ = {
			isa = XCBuildConfiguration;
			buildSettings = {
				CODE_SIGN_STYLE = Automatic;
				COMBINE_HIDPI_IMAGES = YES;
				DEVELOPMENT_TEAM = NLRV94SV3R;
				INFOPLIST_FILE = OpenglMac_01UITests/Info.plist;
				LD_RUNPATH_SEARCH_PATHS = (
					"$(inherited)",
					"@executable_path/../Frameworks",
					"@loader_path/../Frameworks",
				);
				PRODUCT_BUNDLE_IDENTIFIER = "alfons.OpenglMac-01UITests";
				PRODUCT_NAME = "$(TARGET_NAME)";
				TEST_TARGET_NAME = OpenglMac_01;
			};
			name = Debug;
		};
		BA2235AE20FCAD9500E8BD3F /* Release */ = {
			isa = XCBuildConfiguration;
			buildSettings = {
				CODE_SIGN_STYLE = Automatic;
				COMBINE_HIDPI_IMAGES = YES;
				DEVELOPMENT_TEAM = NLRV94SV3R;
				INFOPLIST_FILE = OpenglMac_01UITests/Info.plist;
				LD_RUNPATH_SEARCH_PATHS = (
					"$(inherited)",
					"@executable_path/../Frameworks",
					"@loader_path/../Frameworks",
				);
				PRODUCT_BUNDLE_IDENTIFIER = "alfons.OpenglMac-01UITests";
				PRODUCT_NAME = "$(TARGET_NAME)";
				TEST_TARGET_NAME = OpenglMac_01;
			};
			name = Release;
		};
/* End XCBuildConfiguration section */

/* Begin XCConfigurationList section */
		BA22357720FCAD9400E8BD3F /* Build configuration list for PBXProject "OpenglMac_02" */ = {
			isa = XCConfigurationList;
			buildConfigurations = (
				BA2235A420FCAD9500E8BD3F /* Debug */,
				BA2235A520FCAD9500E8BD3F /* Release */,
			);
			defaultConfigurationIsVisible = 0;
			defaultConfigurationName = Release;
		};
		BA2235A620FCAD9500E8BD3F /* Build configuration list for PBXNativeTarget "OpenglMac_02" */ = {
			isa = XCConfigurationList;
			buildConfigurations = (
				BA2235A720FCAD9500E8BD3F /* Debug */,
				BA2235A820FCAD9500E8BD3F /* Release */,
			);
			defaultConfigurationIsVisible = 0;
			defaultConfigurationName = Release;
		};
		BA2235A920FCAD9500E8BD3F /* Build configuration list for PBXNativeTarget "OpenglMac_02Tests" */ = {
			isa = XCConfigurationList;
			buildConfigurations = (
				BA2235AA20FCAD9500E8BD3F /* Debug */,
				BA2235AB20FCAD9500E8BD3F /* Release */,
			);
			defaultConfigurationIsVisible = 0;
			defaultConfigurationName = Release;
		};
		BA2235AC20FCAD9500E8BD3F /* Build configuration list for PBXNativeTarget "OpenglMac_02UITests" */ = {
			isa = XCConfigurationList;
			buildConfigurations = (
				BA2235AD20FCAD9500E8BD3F /* Debug */,
				BA2235AE20FCAD9500E8BD3F /* Release */,
			);
			defaultConfigurationIsVisible = 0;
			defaultConfigurationName = Release;
		};
/* End XCConfigurationList section */
	};
	rootObject = BA22357420FCAD9400E8BD3F /* Project object */;
}
