// !$*UTF8*$!
{
	archiveVersion = 1;
	classes = {
	};
	objectVersion = 50;
	objects = {

/* Begin PBXBuildFile section */
		BA6DCDC720F353B70069E99B /* Assets.xcassets in Resources */ = {isa = PBXBuildFile; fileRef = BA6DCDC620F353B70069E99B /* Assets.xcassets */; };
		BA6DCDCA20F353B70069E99B /* Main.storyboard in Resources */ = {isa = PBXBuildFile; fileRef = BA6DCDC820F353B70069E99B /* Main.storyboard */; };
		BA6DCDD820F353B70069E99B /* Open_04Tests.m in Sources */ = {isa = PBXBuildFile; fileRef = BA6DCDD720F353B70069E99B /* Open_04Tests.m */; };
		BA6DCDE320F353B70069E99B /* Open_04UITests.m in Sources */ = {isa = PBXBuildFile; fileRef = BA6DCDE220F353B70069E99B /* Open_04UITests.m */; };
		BA6DCDF120F353E90069E99B /* Main.cpp in Sources */ = {isa = PBXBuildFile; fileRef = BA6DCDF020F353E90069E99B /* Main.cpp */; };
		BA6DCE1D20F355840069E99B /* color4.inl in Resources */ = {isa = PBXBuildFile; fileRef = BA6DCDFA20F355840069E99B /* color4.inl */; };
		BA6DCE1E20F355840069E99B /* material.inl in Resources */ = {isa = PBXBuildFile; fileRef = BA6DCE0A20F355840069E99B /* material.inl */; };
		BA6DCE1F20F355840069E99B /* matrix3x3.inl in Resources */ = {isa = PBXBuildFile; fileRef = BA6DCE0C20F355840069E99B /* matrix3x3.inl */; };
		BA6DCE2020F355840069E99B /* matrix4x4.inl in Resources */ = {isa = PBXBuildFile; fileRef = BA6DCE0E20F355840069E99B /* matrix4x4.inl */; };
		BA6DCE2120F355840069E99B /* quaternion.inl in Resources */ = {isa = PBXBuildFile; fileRef = BA6DCE1420F355840069E99B /* quaternion.inl */; };
		BA6DCE2220F355840069E99B /* vector2.inl in Resources */ = {isa = PBXBuildFile; fileRef = BA6DCE1920F355840069E99B /* vector2.inl */; };
		BA6DCE2320F355840069E99B /* vector3.inl in Resources */ = {isa = PBXBuildFile; fileRef = BA6DCE1B20F355840069E99B /* vector3.inl */; };
		BA6DCE4420F356390069E99B /* GLUT.framework in Frameworks */ = {isa = PBXBuildFile; fileRef = BA6DCE4320F356390069E99B /* GLUT.framework */; };
		BA6DCE4620F3563F0069E99B /* OpenGL.framework in Frameworks */ = {isa = PBXBuildFile; fileRef = BA6DCE4520F3563F0069E99B /* OpenGL.framework */; };
		BA6DCE4820F3565E0069E99B /* libGLEW.2.1.0.dylib in Frameworks */ = {isa = PBXBuildFile; fileRef = BA6DCE4720F3565E0069E99B /* libGLEW.2.1.0.dylib */; };
		BA6DCE4A20F3566F0069E99B /* libglfw.3.2.dylib in Frameworks */ = {isa = PBXBuildFile; fileRef = BA6DCE4920F3566F0069E99B /* libglfw.3.2.dylib */; };
		BA6DCE4E20F35D4F0069E99B /* shaderfs.h in Resources */ = {isa = PBXBuildFile; fileRef = BA6DCE4C20F35D4E0069E99B /* shaderfs.h */; };
		BA6DCE4F20F35D4F0069E99B /* shadervs.h in Resources */ = {isa = PBXBuildFile; fileRef = BA6DCE4D20F35D4E0069E99B /* shadervs.h */; };
		BA6DCE5120F35E1C0069E99B /* libc++.tbd in Frameworks */ = {isa = PBXBuildFile; fileRef = BA6DCE5020F35E1C0069E99B /* libc++.tbd */; };
		BA6DCE5320F35E270069E99B /* libstdc++.tbd in Frameworks */ = {isa = PBXBuildFile; fileRef = BA6DCE5220F35E270069E99B /* libstdc++.tbd */; };
		BA6DCE5720F363DC0069E99B /* ogldev_pipeline.cpp in Sources */ = {isa = PBXBuildFile; fileRef = BA6DCE5420F363DC0069E99B /* ogldev_pipeline.cpp */; };
		BA6DCE5820F363DC0069E99B /* ogldev_util.cpp in Sources */ = {isa = PBXBuildFile; fileRef = BA6DCE5520F363DC0069E99B /* ogldev_util.cpp */; };
		BA6DCE5920F363DC0069E99B /* ogldev_math_3d.cpp in Sources */ = {isa = PBXBuildFile; fileRef = BA6DCE5620F363DC0069E99B /* ogldev_math_3d.cpp */; };
		BA6DCE5C20F364120069E99B /* stdafx.cpp in Sources */ = {isa = PBXBuildFile; fileRef = BA6DCE5A20F364120069E99B /* stdafx.cpp */; };
		BA6DCE5F20F37C170069E99B /* GLKit.framework in Frameworks */ = {isa = PBXBuildFile; fileRef = BA6DCE5E20F37C170069E99B /* GLKit.framework */; };
		BA6DCEFF20F493EE0069E99B /* ogldev_math_3d.cpp in Sources */ = {isa = PBXBuildFile; fileRef = BA6DCEF820F493EE0069E99B /* ogldev_math_3d.cpp */; };
		BA6DCF0020F493EE0069E99B /* ogldev_pipeline.cpp in Sources */ = {isa = PBXBuildFile; fileRef = BA6DCEFB20F493EE0069E99B /* ogldev_pipeline.cpp */; };
		BA6DCF0120F493EE0069E99B /* ogldev_util.cpp in Sources */ = {isa = PBXBuildFile; fileRef = BA6DCEFC20F493EE0069E99B /* ogldev_util.cpp */; };
		BA6DCF0220F493EE0069E99B /* stdafx.cpp in Sources */ = {isa = PBXBuildFile; fileRef = BA6DCEFE20F493EE0069E99B /* stdafx.cpp */; };
/* End PBXBuildFile section */

/* Begin PBXContainerItemProxy section */
		BA6DCDD420F353B70069E99B /* PBXContainerItemProxy */ = {
			isa = PBXContainerItemProxy;
			containerPortal = BA6DCDB520F353B60069E99B /* Project object */;
			proxyType = 1;
			remoteGlobalIDString = BA6DCDBC20F353B60069E99B;
			remoteInfo = Open_04;
		};
		BA6DCDDF20F353B70069E99B /* PBXContainerItemProxy */ = {
			isa = PBXContainerItemProxy;
			containerPortal = BA6DCDB520F353B60069E99B /* Project object */;
			proxyType = 1;
			remoteGlobalIDString = BA6DCDBC20F353B60069E99B;
			remoteInfo = Open_04;
		};
/* End PBXContainerItemProxy section */

/* Begin PBXFileReference section */
		BA6DCDBD20F353B60069E99B /* Open_04.app */ = {isa = PBXFileReference; explicitFileType = wrapper.application; includeInIndex = 0; path = Open_04.app; sourceTree = BUILT_PRODUCTS_DIR; };
		BA6DCDC620F353B70069E99B /* Assets.xcassets */ = {isa = PBXFileReference; lastKnownFileType = folder.assetcatalog; path = Assets.xcassets; sourceTree = "<group>"; };
		BA6DCDC920F353B70069E99B /* Base */ = {isa = PBXFileReference; lastKnownFileType = file.storyboard; name = Base; path = Base.lproj/Main.storyboard; sourceTree = "<group>"; };
		BA6DCDCB20F353B70069E99B /* Info.plist */ = {isa = PBXFileReference; lastKnownFileType = text.plist.xml; path = Info.plist; sourceTree = "<group>"; };
		BA6DCDCE20F353B70069E99B /* Open_04.entitlements */ = {isa = PBXFileReference; lastKnownFileType = text.plist.entitlements; path = Open_04.entitlements; sourceTree = "<group>"; };
		BA6DCDD320F353B70069E99B /* Open_04Tests.xctest */ = {isa = PBXFileReference; explicitFileType = wrapper.cfbundle; includeInIndex = 0; path = Open_04Tests.xctest; sourceTree = BUILT_PRODUCTS_DIR; };
		BA6DCDD720F353B70069E99B /* Open_04Tests.m */ = {isa = PBXFileReference; lastKnownFileType = sourcecode.c.objc; path = Open_04Tests.m; sourceTree = "<group>"; };
		BA6DCDD920F353B70069E99B /* Info.plist */ = {isa = PBXFileReference; lastKnownFileType = text.plist.xml; path = Info.plist; sourceTree = "<group>"; };
		BA6DCDDE20F353B70069E99B /* Open_04UITests.xctest */ = {isa = PBXFileReference; explicitFileType = wrapper.cfbundle; includeInIndex = 0; path = Open_04UITests.xctest; sourceTree = BUILT_PRODUCTS_DIR; };
		BA6DCDE220F353B70069E99B /* Open_04UITests.m */ = {isa = PBXFileReference; lastKnownFileType = sourcecode.c.objc; path = Open_04UITests.m; sourceTree = "<group>"; };
		BA6DCDE420F353B70069E99B /* Info.plist */ = {isa = PBXFileReference; lastKnownFileType = text.plist.xml; path = Info.plist; sourceTree = "<group>"; };
		BA6DCDF020F353E90069E99B /* Main.cpp */ = {isa = PBXFileReference; lastKnownFileType = sourcecode.cpp.cpp; path = Main.cpp; sourceTree = "<group>"; };
		BA6DCDF320F355840069E99B /* ai_assert.h */ = {isa = PBXFileReference; fileEncoding = 4; lastKnownFileType = sourcecode.c.h; path = ai_assert.h; sourceTree = "<group>"; };
		BA6DCDF420F355840069E99B /* anim.h */ = {isa = PBXFileReference; fileEncoding = 4; lastKnownFileType = sourcecode.c.h; path = anim.h; sourceTree = "<group>"; };
		BA6DCDF520F355840069E99B /* camera.h */ = {isa = PBXFileReference; fileEncoding = 4; lastKnownFileType = sourcecode.c.h; path = camera.h; sourceTree = "<group>"; };
		BA6DCDF620F355840069E99B /* cexport.h */ = {isa = PBXFileReference; fileEncoding = 4; lastKnownFileType = sourcecode.c.h; path = cexport.h; sourceTree = "<group>"; };
		BA6DCDF720F355840069E99B /* cfileio.h */ = {isa = PBXFileReference; fileEncoding = 4; lastKnownFileType = sourcecode.c.h; path = cfileio.h; sourceTree = "<group>"; };
		BA6DCDF820F355840069E99B /* cimport.h */ = {isa = PBXFileReference; fileEncoding = 4; lastKnownFileType = sourcecode.c.h; path = cimport.h; sourceTree = "<group>"; };
		BA6DCDF920F355840069E99B /* color4.h */ = {isa = PBXFileReference; fileEncoding = 4; lastKnownFileType = sourcecode.c.h; path = color4.h; sourceTree = "<group>"; };
		BA6DCDFA20F355840069E99B /* color4.inl */ = {isa = PBXFileReference; fileEncoding = 4; lastKnownFileType = text; path = color4.inl; sourceTree = "<group>"; };
		BA6DCDFC20F355840069E99B /* poppack1.h */ = {isa = PBXFileReference; fileEncoding = 4; lastKnownFileType = sourcecode.c.h; path = poppack1.h; sourceTree = "<group>"; };
		BA6DCDFD20F355840069E99B /* pushpack1.h */ = {isa = PBXFileReference; fileEncoding = 4; lastKnownFileType = sourcecode.c.h; path = pushpack1.h; sourceTree = "<group>"; };
		BA6DCDFE20F355840069E99B /* config.h */ = {isa = PBXFileReference; fileEncoding = 4; lastKnownFileType = sourcecode.c.h; path = config.h; sourceTree = "<group>"; };
		BA6DCDFF20F355840069E99B /* DefaultLogger.hpp */ = {isa = PBXFileReference; fileEncoding = 4; lastKnownFileType = sourcecode.cpp.h; path = DefaultLogger.hpp; sourceTree = "<group>"; };
		BA6DCE0020F355840069E99B /* defs.h */ = {isa = PBXFileReference; fileEncoding = 4; lastKnownFileType = sourcecode.c.h; path = defs.h; sourceTree = "<group>"; };
		BA6DCE0120F355840069E99B /* Exporter.hpp */ = {isa = PBXFileReference; fileEncoding = 4; lastKnownFileType = sourcecode.cpp.h; path = Exporter.hpp; sourceTree = "<group>"; };
		BA6DCE0220F355840069E99B /* Importer.hpp */ = {isa = PBXFileReference; fileEncoding = 4; lastKnownFileType = sourcecode.cpp.h; path = Importer.hpp; sourceTree = "<group>"; };
		BA6DCE0320F355840069E99B /* importerdesc.h */ = {isa = PBXFileReference; fileEncoding = 4; lastKnownFileType = sourcecode.c.h; path = importerdesc.h; sourceTree = "<group>"; };
		BA6DCE0420F355840069E99B /* IOStream.hpp */ = {isa = PBXFileReference; fileEncoding = 4; lastKnownFileType = sourcecode.cpp.h; path = IOStream.hpp; sourceTree = "<group>"; };
		BA6DCE0520F355840069E99B /* IOSystem.hpp */ = {isa = PBXFileReference; fileEncoding = 4; lastKnownFileType = sourcecode.cpp.h; path = IOSystem.hpp; sourceTree = "<group>"; };
		BA6DCE0620F355840069E99B /* light.h */ = {isa = PBXFileReference; fileEncoding = 4; lastKnownFileType = sourcecode.c.h; path = light.h; sourceTree = "<group>"; };
		BA6DCE0720F355840069E99B /* Logger.hpp */ = {isa = PBXFileReference; fileEncoding = 4; lastKnownFileType = sourcecode.cpp.h; path = Logger.hpp; sourceTree = "<group>"; };
		BA6DCE0820F355840069E99B /* LogStream.hpp */ = {isa = PBXFileReference; fileEncoding = 4; lastKnownFileType = sourcecode.cpp.h; path = LogStream.hpp; sourceTree = "<group>"; };
		BA6DCE0920F355840069E99B /* material.h */ = {isa = PBXFileReference; fileEncoding = 4; lastKnownFileType = sourcecode.c.h; path = material.h; sourceTree = "<group>"; };
		BA6DCE0A20F355840069E99B /* material.inl */ = {isa = PBXFileReference; fileEncoding = 4; lastKnownFileType = text; path = material.inl; sourceTree = "<group>"; };
		BA6DCE0B20F355840069E99B /* matrix3x3.h */ = {isa = PBXFileReference; fileEncoding = 4; lastKnownFileType = sourcecode.c.h; path = matrix3x3.h; sourceTree = "<group>"; };
		BA6DCE0C20F355840069E99B /* matrix3x3.inl */ = {isa = PBXFileReference; fileEncoding = 4; lastKnownFileType = text; path = matrix3x3.inl; sourceTree = "<group>"; };
		BA6DCE0D20F355840069E99B /* matrix4x4.h */ = {isa = PBXFileReference; fileEncoding = 4; lastKnownFileType = sourcecode.c.h; path = matrix4x4.h; sourceTree = "<group>"; };
		BA6DCE0E20F355840069E99B /* matrix4x4.inl */ = {isa = PBXFileReference; fileEncoding = 4; lastKnownFileType = text; path = matrix4x4.inl; sourceTree = "<group>"; };
		BA6DCE0F20F355840069E99B /* mesh.h */ = {isa = PBXFileReference; fileEncoding = 4; lastKnownFileType = sourcecode.c.h; path = mesh.h; sourceTree = "<group>"; };
		BA6DCE1020F355840069E99B /* NullLogger.hpp */ = {isa = PBXFileReference; fileEncoding = 4; lastKnownFileType = sourcecode.cpp.h; path = NullLogger.hpp; sourceTree = "<group>"; };
		BA6DCE1120F355840069E99B /* postprocess.h */ = {isa = PBXFileReference; fileEncoding = 4; lastKnownFileType = sourcecode.c.h; path = postprocess.h; sourceTree = "<group>"; };
		BA6DCE1220F355840069E99B /* ProgressHandler.hpp */ = {isa = PBXFileReference; fileEncoding = 4; lastKnownFileType = sourcecode.cpp.h; path = ProgressHandler.hpp; sourceTree = "<group>"; };
		BA6DCE1320F355840069E99B /* quaternion.h */ = {isa = PBXFileReference; fileEncoding = 4; lastKnownFileType = sourcecode.c.h; path = quaternion.h; sourceTree = "<group>"; };
		BA6DCE1420F355840069E99B /* quaternion.inl */ = {isa = PBXFileReference; fileEncoding = 4; lastKnownFileType = text; path = quaternion.inl; sourceTree = "<group>"; };
		BA6DCE1520F355840069E99B /* scene.h */ = {isa = PBXFileReference; fileEncoding = 4; lastKnownFileType = sourcecode.c.h; path = scene.h; sourceTree = "<group>"; };
		BA6DCE1620F355840069E99B /* texture.h */ = {isa = PBXFileReference; fileEncoding = 4; lastKnownFileType = sourcecode.c.h; path = texture.h; sourceTree = "<group>"; };
		BA6DCE1720F355840069E99B /* types.h */ = {isa = PBXFileReference; fileEncoding = 4; lastKnownFileType = sourcecode.c.h; path = types.h; sourceTree = "<group>"; };
		BA6DCE1820F355840069E99B /* vector2.h */ = {isa = PBXFileReference; fileEncoding = 4; lastKnownFileType = sourcecode.c.h; path = vector2.h; sourceTree = "<group>"; };
		BA6DCE1920F355840069E99B /* vector2.inl */ = {isa = PBXFileReference; fileEncoding = 4; lastKnownFileType = text; path = vector2.inl; sourceTree = "<group>"; };
		BA6DCE1A20F355840069E99B /* vector3.h */ = {isa = PBXFileReference; fileEncoding = 4; lastKnownFileType = sourcecode.c.h; path = vector3.h; sourceTree = "<group>"; };
		BA6DCE1B20F355840069E99B /* vector3.inl */ = {isa = PBXFileReference; fileEncoding = 4; lastKnownFileType = text; path = vector3.inl; sourceTree = "<group>"; };
		BA6DCE1C20F355840069E99B /* version.h */ = {isa = PBXFileReference; fileEncoding = 4; lastKnownFileType = sourcecode.c.h; path = version.h; sourceTree = "<group>"; };
		BA6DCE2520F355A50069E99B /* ogldev_callbacks.h */ = {isa = PBXFileReference; fileEncoding = 4; lastKnownFileType = sourcecode.c.h; name = ogldev_callbacks.h; path = ../../../OpenGlStudy/OpenGl_02/OpenGl_02/ogldev_callbacks.h; sourceTree = "<group>"; };
		BA6DCE2620F355A50069E99B /* ogldev_engine_common.h */ = {isa = PBXFileReference; fileEncoding = 4; lastKnownFileType = sourcecode.c.h; name = ogldev_engine_common.h; path = ../../../OpenGlStudy/OpenGl_02/OpenGl_02/ogldev_engine_common.h; sourceTree = "<group>"; };
		BA6DCE2720F355A50069E99B /* ogldev_shadow_map_fbo.h */ = {isa = PBXFileReference; fileEncoding = 4; lastKnownFileType = sourcecode.c.h; name = ogldev_shadow_map_fbo.h; path = ../../../OpenGlStudy/OpenGl_02/OpenGl_02/ogldev_shadow_map_fbo.h; sourceTree = "<group>"; };
		BA6DCE2820F355A50069E99B /* ogldev_vulkan_core.h */ = {isa = PBXFileReference; fileEncoding = 4; lastKnownFileType = sourcecode.c.h; name = ogldev_vulkan_core.h; path = ../../../OpenGlStudy/OpenGl_02/OpenGl_02/ogldev_vulkan_core.h; sourceTree = "<group>"; };
		BA6DCE2920F355A50069E99B /* ogldev_basic_mesh.h */ = {isa = PBXFileReference; fileEncoding = 4; lastKnownFileType = sourcecode.c.h; name = ogldev_basic_mesh.h; path = ../../../OpenGlStudy/OpenGl_02/OpenGl_02/ogldev_basic_mesh.h; sourceTree = "<group>"; };
		BA6DCE2A20F355A50069E99B /* ogldev_types.h */ = {isa = PBXFileReference; fileEncoding = 4; lastKnownFileType = sourcecode.c.h; name = ogldev_types.h; path = ../../../OpenGlStudy/OpenGl_02/OpenGl_02/ogldev_types.h; sourceTree = "<group>"; };
		BA6DCE2B20F355A50069E99B /* ogldev_texture.h */ = {isa = PBXFileReference; fileEncoding = 4; lastKnownFileType = sourcecode.c.h; name = ogldev_texture.h; path = ../../../OpenGlStudy/OpenGl_02/OpenGl_02/ogldev_texture.h; sourceTree = "<group>"; };
		BA6DCE2C20F355A50069E99B /* ogldev_vulkan.h */ = {isa = PBXFileReference; fileEncoding = 4; lastKnownFileType = sourcecode.c.h; name = ogldev_vulkan.h; path = ../../../OpenGlStudy/OpenGl_02/OpenGl_02/ogldev_vulkan.h; sourceTree = "<group>"; };
		BA6DCE2D20F355A50069E99B /* ogldev_xcb_control.h */ = {isa = PBXFileReference; fileEncoding = 4; lastKnownFileType = sourcecode.c.h; name = ogldev_xcb_control.h; path = ../../../OpenGlStudy/OpenGl_02/OpenGl_02/ogldev_xcb_control.h; sourceTree = "<group>"; };
		BA6DCE2E20F355A50069E99B /* ogldev_backend.h */ = {isa = PBXFileReference; fileEncoding = 4; lastKnownFileType = sourcecode.c.h; name = ogldev_backend.h; path = ../../../OpenGlStudy/OpenGl_02/OpenGl_02/ogldev_backend.h; sourceTree = "<group>"; };
		BA6DCE2F20F355A50069E99B /* ogldev_cubemap_texture.h */ = {isa = PBXFileReference; fileEncoding = 4; lastKnownFileType = sourcecode.c.h; name = ogldev_cubemap_texture.h; path = ../../../OpenGlStudy/OpenGl_02/OpenGl_02/ogldev_cubemap_texture.h; sourceTree = "<group>"; };
		BA6DCE3020F355A50069E99B /* ogldev_glfw_backend.h */ = {isa = PBXFileReference; fileEncoding = 4; lastKnownFileType = sourcecode.c.h; name = ogldev_glfw_backend.h; path = ../../../OpenGlStudy/OpenGl_02/OpenGl_02/ogldev_glfw_backend.h; sourceTree = "<group>"; };
		BA6DCE3120F355A50069E99B /* ogldev_io_buffer.h */ = {isa = PBXFileReference; fileEncoding = 4; lastKnownFileType = sourcecode.c.h; name = ogldev_io_buffer.h; path = ../../../OpenGlStudy/OpenGl_02/OpenGl_02/ogldev_io_buffer.h; sourceTree = "<group>"; };
		BA6DCE3220F355A50069E99B /* ogldev_camera.h */ = {isa = PBXFileReference; fileEncoding = 4; lastKnownFileType = sourcecode.c.h; name = ogldev_camera.h; path = ../../../OpenGlStudy/OpenGl_02/OpenGl_02/ogldev_camera.h; sourceTree = "<group>"; };
		BA6DCE3320F355A50069E99B /* ogldev_math_3d.h */ = {isa = PBXFileReference; fileEncoding = 4; lastKnownFileType = sourcecode.c.h; name = ogldev_math_3d.h; path = ../../../OpenGlStudy/OpenGl_02/OpenGl_02/ogldev_math_3d.h; sourceTree = "<group>"; };
		BA6DCE3420F355A50069E99B /* ogldev_random_texture.h */ = {isa = PBXFileReference; fileEncoding = 4; lastKnownFileType = sourcecode.c.h; name = ogldev_random_texture.h; path = ../../../OpenGlStudy/OpenGl_02/OpenGl_02/ogldev_random_texture.h; sourceTree = "<group>"; };
		BA6DCE3520F355A50069E99B /* ogldev_basic_lighting.h */ = {isa = PBXFileReference; fileEncoding = 4; lastKnownFileType = sourcecode.c.h; name = ogldev_basic_lighting.h; path = ../../../OpenGlStudy/OpenGl_02/OpenGl_02/ogldev_basic_lighting.h; sourceTree = "<group>"; };
		BA6DCE3620F355A50069E99B /* ogldev_math_3d.h */ = {isa = PBXFileReference; fileEncoding = 4; lastKnownFileType = sourcecode.c.h; path = ogldev_math_3d.h; sourceTree = "<group>"; };
		BA6DCE3720F355A50069E99B /* ogldev_glut_backend.h */ = {isa = PBXFileReference; fileEncoding = 4; lastKnownFileType = sourcecode.c.h; name = ogldev_glut_backend.h; path = ../../../OpenGlStudy/OpenGl_02/OpenGl_02/ogldev_glut_backend.h; sourceTree = "<group>"; };
		BA6DCE3820F355A50069E99B /* ogldev_keys.h */ = {isa = PBXFileReference; fileEncoding = 4; lastKnownFileType = sourcecode.c.h; name = ogldev_keys.h; path = ../../../OpenGlStudy/OpenGl_02/OpenGl_02/ogldev_keys.h; sourceTree = "<group>"; };
		BA6DCE3920F355A50069E99B /* ogldev.h */ = {isa = PBXFileReference; fileEncoding = 4; lastKnownFileType = sourcecode.c.h; name = ogldev.h; path = ../../../OpenGlStudy/OpenGl_02/OpenGl_02/ogldev.h; sourceTree = "<group>"; };
		BA6DCE3A20F355A50069E99B /* technique.h */ = {isa = PBXFileReference; fileEncoding = 4; lastKnownFileType = sourcecode.c.h; name = technique.h; path = ../../../OpenGlStudy/OpenGl_02/OpenGl_02/technique.h; sourceTree = "<group>"; };
		BA6DCE3B20F355A50069E99B /* ogldev_skinned_mesh.h */ = {isa = PBXFileReference; fileEncoding = 4; lastKnownFileType = sourcecode.c.h; name = ogldev_skinned_mesh.h; path = ../../../OpenGlStudy/OpenGl_02/OpenGl_02/ogldev_skinned_mesh.h; sourceTree = "<group>"; };
		BA6DCE3C20F355A50069E99B /* ogldev_util.h */ = {isa = PBXFileReference; fileEncoding = 4; lastKnownFileType = sourcecode.c.h; name = ogldev_util.h; path = ../../../OpenGlStudy/OpenGl_02/OpenGl_02/ogldev_util.h; sourceTree = "<group>"; };
		BA6DCE3D20F355A60069E99B /* ogldev_app.h */ = {isa = PBXFileReference; fileEncoding = 4; lastKnownFileType = sourcecode.c.h; name = ogldev_app.h; path = ../../../OpenGlStudy/OpenGl_02/OpenGl_02/ogldev_app.h; sourceTree = "<group>"; };
		BA6DCE3E20F355A60069E99B /* ogldev_atb.h */ = {isa = PBXFileReference; fileEncoding = 4; lastKnownFileType = sourcecode.c.h; name = ogldev_atb.h; path = ../../../OpenGlStudy/OpenGl_02/OpenGl_02/ogldev_atb.h; sourceTree = "<group>"; };
		BA6DCE3F20F355A60069E99B /* ogldev_pipeline.h */ = {isa = PBXFileReference; fileEncoding = 4; lastKnownFileType = sourcecode.c.h; name = ogldev_pipeline.h; path = ../../../OpenGlStudy/OpenGl_02/OpenGl_02/ogldev_pipeline.h; sourceTree = "<group>"; };
		BA6DCE4020F355A60069E99B /* ogldev_lights_common.h */ = {isa = PBXFileReference; fileEncoding = 4; lastKnownFileType = sourcecode.c.h; name = ogldev_lights_common.h; path = ../../../OpenGlStudy/OpenGl_02/OpenGl_02/ogldev_lights_common.h; sourceTree = "<group>"; };
		BA6DCE4120F355A60069E99B /* ogldev_win32_control.h */ = {isa = PBXFileReference; fileEncoding = 4; lastKnownFileType = sourcecode.c.h; name = ogldev_win32_control.h; path = ../../../OpenGlStudy/OpenGl_02/OpenGl_02/ogldev_win32_control.h; sourceTree = "<group>"; };
		BA6DCE4320F356390069E99B /* GLUT.framework */ = {isa = PBXFileReference; lastKnownFileType = wrapper.framework; name = GLUT.framework; path = System/Library/Frameworks/GLUT.framework; sourceTree = SDKROOT; };
		BA6DCE4520F3563F0069E99B /* OpenGL.framework */ = {isa = PBXFileReference; lastKnownFileType = wrapper.framework; name = OpenGL.framework; path = System/Library/Frameworks/OpenGL.framework; sourceTree = SDKROOT; };
		BA6DCE4720F3565E0069E99B /* libGLEW.2.1.0.dylib */ = {isa = PBXFileReference; lastKnownFileType = "compiled.mach-o.dylib"; name = libGLEW.2.1.0.dylib; path = ../../../../../../usr/local/Cellar/glew/2.1.0/lib/libGLEW.2.1.0.dylib; sourceTree = "<group>"; };
		BA6DCE4920F3566F0069E99B /* libglfw.3.2.dylib */ = {isa = PBXFileReference; lastKnownFileType = "compiled.mach-o.dylib"; name = libglfw.3.2.dylib; path = ../../../../../../usr/local/Cellar/glfw/3.2.1/lib/libglfw.3.2.dylib; sourceTree = "<group>"; };
		BA6DCE4C20F35D4E0069E99B /* shaderfs.h */ = {isa = PBXFileReference; fileEncoding = 4; lastKnownFileType = sourcecode.c.h; path = shaderfs.h; sourceTree = "<group>"; };
		BA6DCE4D20F35D4E0069E99B /* shadervs.h */ = {isa = PBXFileReference; fileEncoding = 4; lastKnownFileType = sourcecode.c.h; path = shadervs.h; sourceTree = "<group>"; };
		BA6DCE5020F35E1C0069E99B /* libc++.tbd */ = {isa = PBXFileReference; lastKnownFileType = "sourcecode.text-based-dylib-definition"; name = "libc++.tbd"; path = "usr/lib/libc++.tbd"; sourceTree = SDKROOT; };
		BA6DCE5220F35E270069E99B /* libstdc++.tbd */ = {isa = PBXFileReference; lastKnownFileType = "sourcecode.text-based-dylib-definition"; name = "libstdc++.tbd"; path = "usr/lib/libstdc++.tbd"; sourceTree = SDKROOT; };
		BA6DCE5420F363DC0069E99B /* ogldev_pipeline.cpp */ = {isa = PBXFileReference; fileEncoding = 4; lastKnownFileType = sourcecode.cpp.cpp; path = ogldev_pipeline.cpp; sourceTree = "<group>"; };
		BA6DCE5520F363DC0069E99B /* ogldev_util.cpp */ = {isa = PBXFileReference; fileEncoding = 4; lastKnownFileType = sourcecode.cpp.cpp; path = ogldev_util.cpp; sourceTree = "<group>"; };
		BA6DCE5620F363DC0069E99B /* ogldev_math_3d.cpp */ = {isa = PBXFileReference; fileEncoding = 4; lastKnownFileType = sourcecode.cpp.cpp; path = ogldev_math_3d.cpp; sourceTree = "<group>"; };
		BA6DCE5A20F364120069E99B /* stdafx.cpp */ = {isa = PBXFileReference; fileEncoding = 4; lastKnownFileType = sourcecode.cpp.cpp; path = stdafx.cpp; sourceTree = "<group>"; };
		BA6DCE5B20F364120069E99B /* stdafx.h */ = {isa = PBXFileReference; fileEncoding = 4; lastKnownFileType = sourcecode.c.h; path = stdafx.h; sourceTree = "<group>"; };
		BA6DCE5D20F364250069E99B /* targetver.h */ = {isa = PBXFileReference; fileEncoding = 4; lastKnownFileType = sourcecode.c.h; path = targetver.h; sourceTree = "<group>"; };
		BA6DCE5E20F37C170069E99B /* GLKit.framework */ = {isa = PBXFileReference; lastKnownFileType = wrapper.framework; name = GLKit.framework; path = System/Library/Frameworks/GLKit.framework; sourceTree = SDKROOT; };
		BA6DCEF820F493EE0069E99B /* ogldev_math_3d.cpp */ = {isa = PBXFileReference; fileEncoding = 4; lastKnownFileType = sourcecode.cpp.cpp; path = ogldev_math_3d.cpp; sourceTree = "<group>"; };
		BA6DCEF920F493EE0069E99B /* ogldev_math_3d.h */ = {isa = PBXFileReference; fileEncoding = 4; lastKnownFileType = sourcecode.c.h; path = ogldev_math_3d.h; sourceTree = "<group>"; };
		BA6DCEFA20F493EE0069E99B /* stdafx.h */ = {isa = PBXFileReference; fileEncoding = 4; lastKnownFileType = sourcecode.c.h; path = stdafx.h; sourceTree = "<group>"; };
		BA6DCEFB20F493EE0069E99B /* ogldev_pipeline.cpp */ = {isa = PBXFileReference; fileEncoding = 4; lastKnownFileType = sourcecode.cpp.cpp; path = ogldev_pipeline.cpp; sourceTree = "<group>"; };
		BA6DCEFC20F493EE0069E99B /* ogldev_util.cpp */ = {isa = PBXFileReference; fileEncoding = 4; lastKnownFileType = sourcecode.cpp.cpp; path = ogldev_util.cpp; sourceTree = "<group>"; };
		BA6DCEFD20F493EE0069E99B /* targetver.h */ = {isa = PBXFileReference; fileEncoding = 4; lastKnownFileType = sourcecode.c.h; path = targetver.h; sourceTree = "<group>"; };
		BA6DCEFE20F493EE0069E99B /* stdafx.cpp */ = {isa = PBXFileReference; fileEncoding = 4; lastKnownFileType = sourcecode.cpp.cpp; path = stdafx.cpp; sourceTree = "<group>"; };
/* End PBXFileReference section */

/* Begin PBXFrameworksBuildPhase section */
		BA6DCDBA20F353B60069E99B /* Frameworks */ = {
			isa = PBXFrameworksBuildPhase;
			buildActionMask = 2147483647;
			files = (
				BA6DCE5F20F37C170069E99B /* GLKit.framework in Frameworks */,
				BA6DCE5320F35E270069E99B /* libstdc++.tbd in Frameworks */,
				BA6DCE5120F35E1C0069E99B /* libc++.tbd in Frameworks */,
				BA6DCE4A20F3566F0069E99B /* libglfw.3.2.dylib in Frameworks */,
				BA6DCE4820F3565E0069E99B /* libGLEW.2.1.0.dylib in Frameworks */,
				BA6DCE4620F3563F0069E99B /* OpenGL.framework in Frameworks */,
				BA6DCE4420F356390069E99B /* GLUT.framework in Frameworks */,
			);
			runOnlyForDeploymentPostprocessing = 0;
		};
		BA6DCDD020F353B70069E99B /* Frameworks */ = {
			isa = PBXFrameworksBuildPhase;
			buildActionMask = 2147483647;
			files = (
			);
			runOnlyForDeploymentPostprocessing = 0;
		};
		BA6DCDDB20F353B70069E99B /* Frameworks */ = {
			isa = PBXFrameworksBuildPhase;
			buildActionMask = 2147483647;
			files = (
			);
			runOnlyForDeploymentPostprocessing = 0;
		};
/* End PBXFrameworksBuildPhase section */

/* Begin PBXGroup section */
		BA6DCDB420F353B60069E99B = {
			isa = PBXGroup;
			children = (
				BA6DCDBF20F353B60069E99B /* Open_04 */,
				BA6DCDD620F353B70069E99B /* Open_04Tests */,
				BA6DCDE120F353B70069E99B /* Open_04UITests */,
				BA6DCDBE20F353B60069E99B /* Products */,
				BA6DCE4220F356380069E99B /* Frameworks */,
			);
			sourceTree = "<group>";
		};
		BA6DCDBE20F353B60069E99B /* Products */ = {
			isa = PBXGroup;
			children = (
				BA6DCDBD20F353B60069E99B /* Open_04.app */,
				BA6DCDD320F353B70069E99B /* Open_04Tests.xctest */,
				BA6DCDDE20F353B70069E99B /* Open_04UITests.xctest */,
			);
			name = Products;
			sourceTree = "<group>";
		};
		BA6DCDBF20F353B60069E99B /* Open_04 */ = {
			isa = PBXGroup;
			children = (
				BA6DCE2420F355880069E99B /* ogldev */,
				BA6DCDF220F355840069E99B /* assimp */,
				BA6DCDC620F353B70069E99B /* Assets.xcassets */,
				BA6DCDC820F353B70069E99B /* Main.storyboard */,
				BA6DCDCB20F353B70069E99B /* Info.plist */,
				BA6DCDCE20F353B70069E99B /* Open_04.entitlements */,
				BA6DCDF020F353E90069E99B /* Main.cpp */,
				BA6DCE4C20F35D4E0069E99B /* shaderfs.h */,
				BA6DCE4D20F35D4E0069E99B /* shadervs.h */,
				BA6DCE4B20F35C870069E99B /* New Group */,
			);
			path = Open_04;
			sourceTree = "<group>";
		};
		BA6DCDD620F353B70069E99B /* Open_04Tests */ = {
			isa = PBXGroup;
			children = (
				BA6DCDD720F353B70069E99B /* Open_04Tests.m */,
				BA6DCDD920F353B70069E99B /* Info.plist */,
			);
			path = Open_04Tests;
			sourceTree = "<group>";
		};
		BA6DCDE120F353B70069E99B /* Open_04UITests */ = {
			isa = PBXGroup;
			children = (
				BA6DCDE220F353B70069E99B /* Open_04UITests.m */,
				BA6DCDE420F353B70069E99B /* Info.plist */,
			);
			path = Open_04UITests;
			sourceTree = "<group>";
		};
		BA6DCDF220F355840069E99B /* assimp */ = {
			isa = PBXGroup;
			children = (
				BA6DCDF320F355840069E99B /* ai_assert.h */,
				BA6DCDF420F355840069E99B /* anim.h */,
				BA6DCDF520F355840069E99B /* camera.h */,
				BA6DCDF620F355840069E99B /* cexport.h */,
				BA6DCDF720F355840069E99B /* cfileio.h */,
				BA6DCDF820F355840069E99B /* cimport.h */,
				BA6DCDF920F355840069E99B /* color4.h */,
				BA6DCDFA20F355840069E99B /* color4.inl */,
				BA6DCDFB20F355840069E99B /* Compiler */,
				BA6DCDFE20F355840069E99B /* config.h */,
				BA6DCDFF20F355840069E99B /* DefaultLogger.hpp */,
				BA6DCE0020F355840069E99B /* defs.h */,
				BA6DCE0120F355840069E99B /* Exporter.hpp */,
				BA6DCE0220F355840069E99B /* Importer.hpp */,
				BA6DCE0320F355840069E99B /* importerdesc.h */,
				BA6DCE0420F355840069E99B /* IOStream.hpp */,
				BA6DCE0520F355840069E99B /* IOSystem.hpp */,
				BA6DCE0620F355840069E99B /* light.h */,
				BA6DCE0720F355840069E99B /* Logger.hpp */,
				BA6DCE0820F355840069E99B /* LogStream.hpp */,
				BA6DCE0920F355840069E99B /* material.h */,
				BA6DCE0A20F355840069E99B /* material.inl */,
				BA6DCE0B20F355840069E99B /* matrix3x3.h */,
				BA6DCE0C20F355840069E99B /* matrix3x3.inl */,
				BA6DCE0D20F355840069E99B /* matrix4x4.h */,
				BA6DCE0E20F355840069E99B /* matrix4x4.inl */,
				BA6DCE0F20F355840069E99B /* mesh.h */,
				BA6DCE1020F355840069E99B /* NullLogger.hpp */,
				BA6DCE1120F355840069E99B /* postprocess.h */,
				BA6DCE1220F355840069E99B /* ProgressHandler.hpp */,
				BA6DCE1320F355840069E99B /* quaternion.h */,
				BA6DCE1420F355840069E99B /* quaternion.inl */,
				BA6DCE1520F355840069E99B /* scene.h */,
				BA6DCE1620F355840069E99B /* texture.h */,
				BA6DCE1720F355840069E99B /* types.h */,
				BA6DCE1820F355840069E99B /* vector2.h */,
				BA6DCE1920F355840069E99B /* vector2.inl */,
				BA6DCE1A20F355840069E99B /* vector3.h */,
				BA6DCE1B20F355840069E99B /* vector3.inl */,
				BA6DCE1C20F355840069E99B /* version.h */,
			);
			name = assimp;
			path = ../../OpenGlStudy/OpenGl_02/OpenGl_02/assimp;
			sourceTree = "<group>";
		};
		BA6DCDFB20F355840069E99B /* Compiler */ = {
			isa = PBXGroup;
			children = (
				BA6DCDFC20F355840069E99B /* poppack1.h */,
				BA6DCDFD20F355840069E99B /* pushpack1.h */,
			);
			path = Compiler;
			sourceTree = "<group>";
		};
		BA6DCE2420F355880069E99B /* ogldev */ = {
			isa = PBXGroup;
			children = (
				BA6DCE5620F363DC0069E99B /* ogldev_math_3d.cpp */,
				BA6DCE5420F363DC0069E99B /* ogldev_pipeline.cpp */,
				BA6DCE5520F363DC0069E99B /* ogldev_util.cpp */,
				BA6DCEF820F493EE0069E99B /* ogldev_math_3d.cpp */,
				BA6DCEF920F493EE0069E99B /* ogldev_math_3d.h */,
				BA6DCEFB20F493EE0069E99B /* ogldev_pipeline.cpp */,
				BA6DCEFC20F493EE0069E99B /* ogldev_util.cpp */,
				BA6DCEFE20F493EE0069E99B /* stdafx.cpp */,
				BA6DCEFA20F493EE0069E99B /* stdafx.h */,
				BA6DCEFD20F493EE0069E99B /* targetver.h */,
				BA6DCE3D20F355A60069E99B /* ogldev_app.h */,
				BA6DCE3E20F355A60069E99B /* ogldev_atb.h */,
				BA6DCE2E20F355A50069E99B /* ogldev_backend.h */,
				BA6DCE5A20F364120069E99B /* stdafx.cpp */,
				BA6DCE5D20F364250069E99B /* targetver.h */,
				BA6DCE5B20F364120069E99B /* stdafx.h */,
				BA6DCE3520F355A50069E99B /* ogldev_basic_lighting.h */,
				BA6DCE2920F355A50069E99B /* ogldev_basic_mesh.h */,
				BA6DCE2520F355A50069E99B /* ogldev_callbacks.h */,
				BA6DCE3220F355A50069E99B /* ogldev_camera.h */,
				BA6DCE2F20F355A50069E99B /* ogldev_cubemap_texture.h */,
				BA6DCE2620F355A50069E99B /* ogldev_engine_common.h */,
				BA6DCE3020F355A50069E99B /* ogldev_glfw_backend.h */,
				BA6DCE3720F355A50069E99B /* ogldev_glut_backend.h */,
				BA6DCE3120F355A50069E99B /* ogldev_io_buffer.h */,
				BA6DCE3820F355A50069E99B /* ogldev_keys.h */,
				BA6DCE4020F355A60069E99B /* ogldev_lights_common.h */,
				BA6DCE3620F355A50069E99B /* ogldev_math_3d.h */,
				BA6DCE3320F355A50069E99B /* ogldev_math_3d.h */,
				BA6DCE3F20F355A60069E99B /* ogldev_pipeline.h */,
				BA6DCE3420F355A50069E99B /* ogldev_random_texture.h */,
				BA6DCE2720F355A50069E99B /* ogldev_shadow_map_fbo.h */,
				BA6DCE3B20F355A50069E99B /* ogldev_skinned_mesh.h */,
				BA6DCE2B20F355A50069E99B /* ogldev_texture.h */,
				BA6DCE2A20F355A50069E99B /* ogldev_types.h */,
				BA6DCE3C20F355A50069E99B /* ogldev_util.h */,
				BA6DCE2820F355A50069E99B /* ogldev_vulkan_core.h */,
				BA6DCE2C20F355A50069E99B /* ogldev_vulkan.h */,
				BA6DCE4120F355A60069E99B /* ogldev_win32_control.h */,
				BA6DCE2D20F355A50069E99B /* ogldev_xcb_control.h */,
				BA6DCE3920F355A50069E99B /* ogldev.h */,
				BA6DCE3A20F355A50069E99B /* technique.h */,
			);
			path = ogldev;
			sourceTree = "<group>";
		};
		BA6DCE4220F356380069E99B /* Frameworks */ = {
			isa = PBXGroup;
			children = (
				BA6DCE5E20F37C170069E99B /* GLKit.framework */,
				BA6DCE5220F35E270069E99B /* libstdc++.tbd */,
				BA6DCE5020F35E1C0069E99B /* libc++.tbd */,
				BA6DCE4920F3566F0069E99B /* libglfw.3.2.dylib */,
				BA6DCE4720F3565E0069E99B /* libGLEW.2.1.0.dylib */,
				BA6DCE4520F3563F0069E99B /* OpenGL.framework */,
				BA6DCE4320F356390069E99B /* GLUT.framework */,
			);
			name = Frameworks;
			sourceTree = "<group>";
		};
		BA6DCE4B20F35C870069E99B /* New Group */ = {
			isa = PBXGroup;
			children = (
			);
			path = "New Group";
			sourceTree = "<group>";
		};
/* End PBXGroup section */

/* Begin PBXNativeTarget section */
		BA6DCDBC20F353B60069E99B /* Open_04 */ = {
			isa = PBXNativeTarget;
			buildConfigurationList = BA6DCDE720F353B70069E99B /* Build configuration list for PBXNativeTarget "Open_04" */;
			buildPhases = (
				BA6DCDB920F353B60069E99B /* Sources */,
				BA6DCDBA20F353B60069E99B /* Frameworks */,
				BA6DCDBB20F353B60069E99B /* Resources */,
			);
			buildRules = (
			);
			dependencies = (
			);
			name = Open_04;
			productName = Open_04;
			productReference = BA6DCDBD20F353B60069E99B /* Open_04.app */;
			productType = "com.apple.product-type.application";
		};
		BA6DCDD220F353B70069E99B /* Open_04Tests */ = {
			isa = PBXNativeTarget;
			buildConfigurationList = BA6DCDEA20F353B70069E99B /* Build configuration list for PBXNativeTarget "Open_04Tests" */;
			buildPhases = (
				BA6DCDCF20F353B70069E99B /* Sources */,
				BA6DCDD020F353B70069E99B /* Frameworks */,
				BA6DCDD120F353B70069E99B /* Resources */,
			);
			buildRules = (
			);
			dependencies = (
				BA6DCDD520F353B70069E99B /* PBXTargetDependency */,
			);
			name = Open_04Tests;
			productName = Open_04Tests;
			productReference = BA6DCDD320F353B70069E99B /* Open_04Tests.xctest */;
			productType = "com.apple.product-type.bundle.unit-test";
		};
		BA6DCDDD20F353B70069E99B /* Open_04UITests */ = {
			isa = PBXNativeTarget;
			buildConfigurationList = BA6DCDED20F353B70069E99B /* Build configuration list for PBXNativeTarget "Open_04UITests" */;
			buildPhases = (
				BA6DCDDA20F353B70069E99B /* Sources */,
				BA6DCDDB20F353B70069E99B /* Frameworks */,
				BA6DCDDC20F353B70069E99B /* Resources */,
			);
			buildRules = (
			);
			dependencies = (
				BA6DCDE020F353B70069E99B /* PBXTargetDependency */,
			);
			name = Open_04UITests;
			productName = Open_04UITests;
			productReference = BA6DCDDE20F353B70069E99B /* Open_04UITests.xctest */;
			productType = "com.apple.product-type.bundle.ui-testing";
		};
/* End PBXNativeTarget section */

/* Begin PBXProject section */
		BA6DCDB520F353B60069E99B /* Project object */ = {
			isa = PBXProject;
			attributes = {
				LastUpgradeCheck = 0940;
				ORGANIZATIONNAME = yujunzhen;
				TargetAttributes = {
					BA6DCDBC20F353B60069E99B = {
						CreatedOnToolsVersion = 9.4.1;
					};
					BA6DCDD220F353B70069E99B = {
						CreatedOnToolsVersion = 9.4.1;
						TestTargetID = BA6DCDBC20F353B60069E99B;
					};
					BA6DCDDD20F353B70069E99B = {
						CreatedOnToolsVersion = 9.4.1;
						TestTargetID = BA6DCDBC20F353B60069E99B;
					};
				};
			};
			buildConfigurationList = BA6DCDB820F353B60069E99B /* Build configuration list for PBXProject "Open_04" */;
			compatibilityVersion = "Xcode 9.3";
			developmentRegion = en;
			hasScannedForEncodings = 0;
			knownRegions = (
				en,
				Base,
			);
			mainGroup = BA6DCDB420F353B60069E99B;
			productRefGroup = BA6DCDBE20F353B60069E99B /* Products */;
			projectDirPath = "";
			projectRoot = "";
			targets = (
				BA6DCDBC20F353B60069E99B /* Open_04 */,
				BA6DCDD220F353B70069E99B /* Open_04Tests */,
				BA6DCDDD20F353B70069E99B /* Open_04UITests */,
			);
		};
/* End PBXProject section */

/* Begin PBXResourcesBuildPhase section */
		BA6DCDBB20F353B60069E99B /* Resources */ = {
			isa = PBXResourcesBuildPhase;
			buildActionMask = 2147483647;
			files = (
				BA6DCE2120F355840069E99B /* quaternion.inl in Resources */,
				BA6DCE2320F355840069E99B /* vector3.inl in Resources */,
				BA6DCE2220F355840069E99B /* vector2.inl in Resources */,
				BA6DCE1E20F355840069E99B /* material.inl in Resources */,
				BA6DCE2020F355840069E99B /* matrix4x4.inl in Resources */,
				BA6DCE4F20F35D4F0069E99B /* shadervs.h in Resources */,
				BA6DCE4E20F35D4F0069E99B /* shaderfs.h in Resources */,
				BA6DCDC720F353B70069E99B /* Assets.xcassets in Resources */,
				BA6DCE1F20F355840069E99B /* matrix3x3.inl in Resources */,
				BA6DCDCA20F353B70069E99B /* Main.storyboard in Resources */,
				BA6DCE1D20F355840069E99B /* color4.inl in Resources */,
			);
			runOnlyForDeploymentPostprocessing = 0;
		};
		BA6DCDD120F353B70069E99B /* Resources */ = {
			isa = PBXResourcesBuildPhase;
			buildActionMask = 2147483647;
			files = (
			);
			runOnlyForDeploymentPostprocessing = 0;
		};
		BA6DCDDC20F353B70069E99B /* Resources */ = {
			isa = PBXResourcesBuildPhase;
			buildActionMask = 2147483647;
			files = (
			);
			runOnlyForDeploymentPostprocessing = 0;
		};
/* End PBXResourcesBuildPhase section */

/* Begin PBXSourcesBuildPhase section */
		BA6DCDB920F353B60069E99B /* Sources */ = {
			isa = PBXSourcesBuildPhase;
			buildActionMask = 2147483647;
			files = (
				BA6DCF0220F493EE0069E99B /* stdafx.cpp in Sources */,
				BA6DCE5720F363DC0069E99B /* ogldev_pipeline.cpp in Sources */,
				BA6DCEFF20F493EE0069E99B /* ogldev_math_3d.cpp in Sources */,
				BA6DCDF120F353E90069E99B /* Main.cpp in Sources */,
				BA6DCE5820F363DC0069E99B /* ogldev_util.cpp in Sources */,
				BA6DCE5920F363DC0069E99B /* ogldev_math_3d.cpp in Sources */,
				BA6DCE5C20F364120069E99B /* stdafx.cpp in Sources */,
				BA6DCF0120F493EE0069E99B /* ogldev_util.cpp in Sources */,
				BA6DCF0020F493EE0069E99B /* ogldev_pipeline.cpp in Sources */,
			);
			runOnlyForDeploymentPostprocessing = 0;
		};
		BA6DCDCF20F353B70069E99B /* Sources */ = {
			isa = PBXSourcesBuildPhase;
			buildActionMask = 2147483647;
			files = (
				BA6DCDD820F353B70069E99B /* Open_04Tests.m in Sources */,
			);
			runOnlyForDeploymentPostprocessing = 0;
		};
		BA6DCDDA20F353B70069E99B /* Sources */ = {
			isa = PBXSourcesBuildPhase;
			buildActionMask = 2147483647;
			files = (
				BA6DCDE320F353B70069E99B /* Open_04UITests.m in Sources */,
			);
			runOnlyForDeploymentPostprocessing = 0;
		};
/* End PBXSourcesBuildPhase section */

/* Begin PBXTargetDependency section */
		BA6DCDD520F353B70069E99B /* PBXTargetDependency */ = {
			isa = PBXTargetDependency;
			target = BA6DCDBC20F353B60069E99B /* Open_04 */;
			targetProxy = BA6DCDD420F353B70069E99B /* PBXContainerItemProxy */;
		};
		BA6DCDE020F353B70069E99B /* PBXTargetDependency */ = {
			isa = PBXTargetDependency;
			target = BA6DCDBC20F353B60069E99B /* Open_04 */;
			targetProxy = BA6DCDDF20F353B70069E99B /* PBXContainerItemProxy */;
		};
/* End PBXTargetDependency section */

/* Begin PBXVariantGroup section */
		BA6DCDC820F353B70069E99B /* Main.storyboard */ = {
			isa = PBXVariantGroup;
			children = (
				BA6DCDC920F353B70069E99B /* Base */,
			);
			name = Main.storyboard;
			sourceTree = "<group>";
		};
/* End PBXVariantGroup section */

/* Begin XCBuildConfiguration section */
		BA6DCDE520F353B70069E99B /* Debug */ = {
			isa = XCBuildConfiguration;
			buildSettings = {
				ALWAYS_SEARCH_USER_PATHS = NO;
				CLANG_ANALYZER_NONNULL = YES;
				CLANG_ANALYZER_NUMBER_OBJECT_CONVERSION = YES_AGGRESSIVE;
				CLANG_CXX_LANGUAGE_STANDARD = "gnu++14";
				CLANG_CXX_LIBRARY = "libc++";
				CLANG_ENABLE_MODULES = YES;
				CLANG_ENABLE_OBJC_ARC = YES;
				CLANG_ENABLE_OBJC_WEAK = YES;
				CLANG_WARN_BLOCK_CAPTURE_AUTORELEASING = YES;
				CLANG_WARN_BOOL_CONVERSION = YES;
				CLANG_WARN_COMMA = YES;
				CLANG_WARN_CONSTANT_CONVERSION = YES;
				CLANG_WARN_DEPRECATED_OBJC_IMPLEMENTATIONS = YES;
				CLANG_WARN_DIRECT_OBJC_ISA_USAGE = YES_ERROR;
				CLANG_WARN_DOCUMENTATION_COMMENTS = YES;
				CLANG_WARN_EMPTY_BODY = YES;
				CLANG_WARN_ENUM_CONVERSION = YES;
				CLANG_WARN_INFINITE_RECURSION = YES;
				CLANG_WARN_INT_CONVERSION = YES;
				CLANG_WARN_NON_LITERAL_NULL_CONVERSION = YES;
				CLANG_WARN_OBJC_IMPLICIT_RETAIN_SELF = YES;
				CLANG_WARN_OBJC_LITERAL_CONVERSION = YES;
				CLANG_WARN_OBJC_ROOT_CLASS = YES_ERROR;
				CLANG_WARN_RANGE_LOOP_ANALYSIS = YES;
				CLANG_WARN_STRICT_PROTOTYPES = YES;
				CLANG_WARN_SUSPICIOUS_MOVE = YES;
				CLANG_WARN_UNGUARDED_AVAILABILITY = YES_AGGRESSIVE;
				CLANG_WARN_UNREACHABLE_CODE = YES;
				CLANG_WARN__DUPLICATE_METHOD_MATCH = YES;
				CODE_SIGN_IDENTITY = "Mac Developer";
				COPY_PHASE_STRIP = NO;
				DEBUG_INFORMATION_FORMAT = dwarf;
				ENABLE_STRICT_OBJC_MSGSEND = YES;
				ENABLE_TESTABILITY = YES;
				GCC_C_LANGUAGE_STANDARD = gnu11;
				GCC_DYNAMIC_NO_PIC = NO;
				GCC_NO_COMMON_BLOCKS = YES;
				GCC_OPTIMIZATION_LEVEL = 0;
				GCC_PREPROCESSOR_DEFINITIONS = (
					"DEBUG=1",
					"$(inherited)",
				);
				GCC_WARN_64_TO_32_BIT_CONVERSION = YES;
				GCC_WARN_ABOUT_RETURN_TYPE = YES_ERROR;
				GCC_WARN_UNDECLARED_SELECTOR = YES;
				GCC_WARN_UNINITIALIZED_AUTOS = YES_AGGRESSIVE;
				GCC_WARN_UNUSED_FUNCTION = YES;
				GCC_WARN_UNUSED_VARIABLE = YES;
				MACOSX_DEPLOYMENT_TARGET = 10.13;
				MTL_ENABLE_DEBUG_INFO = YES;
				ONLY_ACTIVE_ARCH = YES;
				SDKROOT = macosx;
			};
			name = Debug;
		};
		BA6DCDE620F353B70069E99B /* Release */ = {
			isa = XCBuildConfiguration;
			buildSettings = {
				ALWAYS_SEARCH_USER_PATHS = NO;
				CLANG_ANALYZER_NONNULL = YES;
				CLANG_ANALYZER_NUMBER_OBJECT_CONVERSION = YES_AGGRESSIVE;
				CLANG_CXX_LANGUAGE_STANDARD = "gnu++14";
				CLANG_CXX_LIBRARY = "libc++";
				CLANG_ENABLE_MODULES = YES;
				CLANG_ENABLE_OBJC_ARC = YES;
				CLANG_ENABLE_OBJC_WEAK = YES;
				CLANG_WARN_BLOCK_CAPTURE_AUTORELEASING = YES;
				CLANG_WARN_BOOL_CONVERSION = YES;
				CLANG_WARN_COMMA = YES;
				CLANG_WARN_CONSTANT_CONVERSION = YES;
				CLANG_WARN_DEPRECATED_OBJC_IMPLEMENTATIONS = YES;
				CLANG_WARN_DIRECT_OBJC_ISA_USAGE = YES_ERROR;
				CLANG_WARN_DOCUMENTATION_COMMENTS = YES;
				CLANG_WARN_EMPTY_BODY = YES;
				CLANG_WARN_ENUM_CONVERSION = YES;
				CLANG_WARN_INFINITE_RECURSION = YES;
				CLANG_WARN_INT_CONVERSION = YES;
				CLANG_WARN_NON_LITERAL_NULL_CONVERSION = YES;
				CLANG_WARN_OBJC_IMPLICIT_RETAIN_SELF = YES;
				CLANG_WARN_OBJC_LITERAL_CONVERSION = YES;
				CLANG_WARN_OBJC_ROOT_CLASS = YES_ERROR;
				CLANG_WARN_RANGE_LOOP_ANALYSIS = YES;
				CLANG_WARN_STRICT_PROTOTYPES = YES;
				CLANG_WARN_SUSPICIOUS_MOVE = YES;
				CLANG_WARN_UNGUARDED_AVAILABILITY = YES_AGGRESSIVE;
				CLANG_WARN_UNREACHABLE_CODE = YES;
				CLANG_WARN__DUPLICATE_METHOD_MATCH = YES;
				CODE_SIGN_IDENTITY = "Mac Developer";
				COPY_PHASE_STRIP = NO;
				DEBUG_INFORMATION_FORMAT = "dwarf-with-dsym";
				ENABLE_NS_ASSERTIONS = NO;
				ENABLE_STRICT_OBJC_MSGSEND = YES;
				GCC_C_LANGUAGE_STANDARD = gnu11;
				GCC_NO_COMMON_BLOCKS = YES;
				GCC_WARN_64_TO_32_BIT_CONVERSION = YES;
				GCC_WARN_ABOUT_RETURN_TYPE = YES_ERROR;
				GCC_WARN_UNDECLARED_SELECTOR = YES;
				GCC_WARN_UNINITIALIZED_AUTOS = YES_AGGRESSIVE;
				GCC_WARN_UNUSED_FUNCTION = YES;
				GCC_WARN_UNUSED_VARIABLE = YES;
				MACOSX_DEPLOYMENT_TARGET = 10.13;
				MTL_ENABLE_DEBUG_INFO = NO;
				SDKROOT = macosx;
			};
			name = Release;
		};
		BA6DCDE820F353B70069E99B /* Debug */ = {
			isa = XCBuildConfiguration;
			buildSettings = {
				ASSETCATALOG_COMPILER_APPICON_NAME = AppIcon;
				CLANG_CXX_LANGUAGE_STANDARD = "compiler-default";
				CLANG_CXX_LIBRARY = "compiler-default";
				CODE_SIGN_ENTITLEMENTS = Open_04/Open_04.entitlements;
				CODE_SIGN_STYLE = Automatic;
				COMBINE_HIDPI_IMAGES = YES;
				DEVELOPMENT_TEAM = NLRV94SV3R;
				GCC_C_LANGUAGE_STANDARD = "compiler-default";
				GCC_ENABLE_CPP_EXCEPTIONS = YES;
				GCC_ENABLE_CPP_RTTI = NO;
				HEADER_SEARCH_PATHS = (
					"$(glfw_header)",
					"$(glew_header)",
				);
				INFOPLIST_FILE = Open_04/Info.plist;
				LD_RUNPATH_SEARCH_PATHS = (
					"$(inherited)",
					"@executable_path/../Frameworks",
				);
				LIBRARY_SEARCH_PATHS = (
					"$(inherited)",
					/usr/local/Cellar/glew/2.1.0/lib,
					/usr/local/Cellar/glfw/3.2.1/lib,
				);
				OTHER_LDFLAGS = "-lGLEW";
				PRODUCT_BUNDLE_IDENTIFIER = "alfons.Open-04";
				PRODUCT_NAME = "$(TARGET_NAME)";
			};
			name = Debug;
		};
		BA6DCDE920F353B70069E99B /* Release */ = {
			isa = XCBuildConfiguration;
			buildSettings = {
				ASSETCATALOG_COMPILER_APPICON_NAME = AppIcon;
				CLANG_CXX_LANGUAGE_STANDARD = "compiler-default";
				CLANG_CXX_LIBRARY = "compiler-default";
				CODE_SIGN_ENTITLEMENTS = Open_04/Open_04.entitlements;
				CODE_SIGN_STYLE = Automatic;
				COMBINE_HIDPI_IMAGES = YES;
				DEVELOPMENT_TEAM = NLRV94SV3R;
				GCC_C_LANGUAGE_STANDARD = "compiler-default";
				GCC_ENABLE_CPP_EXCEPTIONS = YES;
				GCC_ENABLE_CPP_RTTI = NO;
				HEADER_SEARCH_PATHS = (
					"$(glfw_header)",
					"$(glew_header)",
				);
				INFOPLIST_FILE = Open_04/Info.plist;
				LD_RUNPATH_SEARCH_PATHS = (
					"$(inherited)",
					"@executable_path/../Frameworks",
				);
				LIBRARY_SEARCH_PATHS = (
					"$(inherited)",
					/usr/local/Cellar/glew/2.1.0/lib,
					/usr/local/Cellar/glfw/3.2.1/lib,
				);
				OTHER_LDFLAGS = "-lGLEW";
				PRODUCT_BUNDLE_IDENTIFIER = "alfons.Open-04";
				PRODUCT_NAME = "$(TARGET_NAME)";
			};
			name = Release;
		};
		BA6DCDEB20F353B70069E99B /* Debug */ = {
			isa = XCBuildConfiguration;
			buildSettings = {
				BUNDLE_LOADER = "$(TEST_HOST)";
				CODE_SIGN_STYLE = Automatic;
				COMBINE_HIDPI_IMAGES = YES;
				DEVELOPMENT_TEAM = NLRV94SV3R;
				INFOPLIST_FILE = Open_04Tests/Info.plist;
				LD_RUNPATH_SEARCH_PATHS = (
					"$(inherited)",
					"@executable_path/../Frameworks",
					"@loader_path/../Frameworks",
				);
				PRODUCT_BUNDLE_IDENTIFIER = "alfons.Open-04Tests";
				PRODUCT_NAME = "$(TARGET_NAME)";
				TEST_HOST = "$(BUILT_PRODUCTS_DIR)/Open_04.app/Contents/MacOS/Open_04";
			};
			name = Debug;
		};
		BA6DCDEC20F353B70069E99B /* Release */ = {
			isa = XCBuildConfiguration;
			buildSettings = {
				BUNDLE_LOADER = "$(TEST_HOST)";
				CODE_SIGN_STYLE = Automatic;
				COMBINE_HIDPI_IMAGES = YES;
				DEVELOPMENT_TEAM = NLRV94SV3R;
				INFOPLIST_FILE = Open_04Tests/Info.plist;
				LD_RUNPATH_SEARCH_PATHS = (
					"$(inherited)",
					"@executable_path/../Frameworks",
					"@loader_path/../Frameworks",
				);
				PRODUCT_BUNDLE_IDENTIFIER = "alfons.Open-04Tests";
				PRODUCT_NAME = "$(TARGET_NAME)";
				TEST_HOST = "$(BUILT_PRODUCTS_DIR)/Open_04.app/Contents/MacOS/Open_04";
			};
			name = Release;
		};
		BA6DCDEE20F353B70069E99B /* Debug */ = {
			isa = XCBuildConfiguration;
			buildSettings = {
				CODE_SIGN_STYLE = Automatic;
				COMBINE_HIDPI_IMAGES = YES;
				DEVELOPMENT_TEAM = NLRV94SV3R;
				INFOPLIST_FILE = Open_04UITests/Info.plist;
				LD_RUNPATH_SEARCH_PATHS = (
					"$(inherited)",
					"@executable_path/../Frameworks",
					"@loader_path/../Frameworks",
				);
				PRODUCT_BUNDLE_IDENTIFIER = "alfons.Open-04UITests";
				PRODUCT_NAME = "$(TARGET_NAME)";
				TEST_TARGET_NAME = Open_04;
			};
			name = Debug;
		};
		BA6DCDEF20F353B70069E99B /* Release */ = {
			isa = XCBuildConfiguration;
			buildSettings = {
				CODE_SIGN_STYLE = Automatic;
				COMBINE_HIDPI_IMAGES = YES;
				DEVELOPMENT_TEAM = NLRV94SV3R;
				INFOPLIST_FILE = Open_04UITests/Info.plist;
				LD_RUNPATH_SEARCH_PATHS = (
					"$(inherited)",
					"@executable_path/../Frameworks",
					"@loader_path/../Frameworks",
				);
				PRODUCT_BUNDLE_IDENTIFIER = "alfons.Open-04UITests";
				PRODUCT_NAME = "$(TARGET_NAME)";
				TEST_TARGET_NAME = Open_04;
			};
			name = Release;
		};
/* End XCBuildConfiguration section */

/* Begin XCConfigurationList section */
		BA6DCDB820F353B60069E99B /* Build configuration list for PBXProject "Open_04" */ = {
			isa = XCConfigurationList;
			buildConfigurations = (
				BA6DCDE520F353B70069E99B /* Debug */,
				BA6DCDE620F353B70069E99B /* Release */,
			);
			defaultConfigurationIsVisible = 0;
			defaultConfigurationName = Release;
		};
		BA6DCDE720F353B70069E99B /* Build configuration list for PBXNativeTarget "Open_04" */ = {
			isa = XCConfigurationList;
			buildConfigurations = (
				BA6DCDE820F353B70069E99B /* Debug */,
				BA6DCDE920F353B70069E99B /* Release */,
			);
			defaultConfigurationIsVisible = 0;
			defaultConfigurationName = Release;
		};
		BA6DCDEA20F353B70069E99B /* Build configuration list for PBXNativeTarget "Open_04Tests" */ = {
			isa = XCConfigurationList;
			buildConfigurations = (
				BA6DCDEB20F353B70069E99B /* Debug */,
				BA6DCDEC20F353B70069E99B /* Release */,
			);
			defaultConfigurationIsVisible = 0;
			defaultConfigurationName = Release;
		};
		BA6DCDED20F353B70069E99B /* Build configuration list for PBXNativeTarget "Open_04UITests" */ = {
			isa = XCConfigurationList;
			buildConfigurations = (
				BA6DCDEE20F353B70069E99B /* Debug */,
				BA6DCDEF20F353B70069E99B /* Release */,
			);
			defaultConfigurationIsVisible = 0;
			defaultConfigurationName = Release;
		};
/* End XCConfigurationList section */
	};
	rootObject = BA6DCDB520F353B60069E99B /* Project object */;
}
